// !$*UTF8*$!
{
	archiveVersion = 1;
	classes = {
	};
	objectVersion = 46;
	objects = {

/* Begin PBXBuildFile section */
		C800877E1601147A00F01B41 /* MultipleChoices.plist in Resources */ = {isa = PBXBuildFile; fileRef = C800877D1601147A00F01B41 /* MultipleChoices.plist */; };
		C80D84E616BC14A700FF8043 /* MBProgressHUD.m in Sources */ = {isa = PBXBuildFile; fileRef = C80D84E416BC14A700FF8043 /* MBProgressHUD.m */; };
		C80D84E916BC1B2B00FF8043 /* SharedManager.m in Sources */ = {isa = PBXBuildFile; fileRef = C80D84E816BC1B2B00FF8043 /* SharedManager.m */; };
		C8137B5815E7D50A00DAA7A5 /* TMDBSearchTVC.m in Sources */ = {isa = PBXBuildFile; fileRef = C8137B5715E7D50A00DAA7A5 /* TMDBSearchTVC.m */; };
		C8137B5D15E7DA0E00DAA7A5 /* TMDBSearchCell.m in Sources */ = {isa = PBXBuildFile; fileRef = C8137B5C15E7DA0E00DAA7A5 /* TMDBSearchCell.m */; };
		C815EAD115F765820007702F /* PasVu.png in Resources */ = {isa = PBXBuildFile; fileRef = C815EACE15F765820007702F /* PasVu.png */; };
		C815EAD215F765820007702F /* Vu.png in Resources */ = {isa = PBXBuildFile; fileRef = C815EACF15F765820007702F /* Vu.png */; };
		C815EAD315F765820007702F /* VuNoIdea.png in Resources */ = {isa = PBXBuildFile; fileRef = C815EAD015F765820007702F /* VuNoIdea.png */; };
		C81756871687662A00F592C9 /* AssetsLibrary.framework in Frameworks */ = {isa = PBXBuildFile; fileRef = C81756861687662A00F592C9 /* AssetsLibrary.framework */; };
		C81BAE3215F9FA5F00529A65 /* Icon-72.png in Resources */ = {isa = PBXBuildFile; fileRef = C81BAE2E15F9FA5F00529A65 /* Icon-72.png */; };
		C81BAE3315F9FA5F00529A65 /* Icon-72@2x.png in Resources */ = {isa = PBXBuildFile; fileRef = C81BAE2F15F9FA5F00529A65 /* Icon-72@2x.png */; };
		C81BAE3415F9FA5F00529A65 /* Icon-Small-50.png in Resources */ = {isa = PBXBuildFile; fileRef = C81BAE3015F9FA5F00529A65 /* Icon-Small-50.png */; };
		C81BAE3515F9FA5F00529A65 /* Icon-Small-50@2x.png in Resources */ = {isa = PBXBuildFile; fileRef = C81BAE3115F9FA5F00529A65 /* Icon-Small-50@2x.png */; };
		C81BAE3815F9FBF000529A65 /* SettingsLoader.m in Sources */ = {isa = PBXBuildFile; fileRef = C81BAE3715F9FBF000529A65 /* SettingsLoader.m */; };
		C81BAE3F15FA59CF00529A65 /* migration6to7.xcmappingmodel in Sources */ = {isa = PBXBuildFile; fileRef = C81BAE3E15FA59CF00529A65 /* migration6to7.xcmappingmodel */; };
		C81BAE4615FA5C8400529A65 /* Movie.m in Sources */ = {isa = PBXBuildFile; fileRef = C81BAE4515FA5C8400529A65 /* Movie.m */; };
		C81F60CB15B49022000703EF /* SeguePopoverMovieInfoTVC.m in Sources */ = {isa = PBXBuildFile; fileRef = C81F60CA15B49022000703EF /* SeguePopoverMovieInfoTVC.m */; };
		C824DBD915BC1A890041B0D8 /* File.rtf in Resources */ = {isa = PBXBuildFile; fileRef = C824DBD815BC1A890041B0D8 /* File.rtf */; };
		C8252E7615AC93F900DF0F96 /* MovieEditorTVC.m in Sources */ = {isa = PBXBuildFile; fileRef = C8252E7515AC93F900DF0F96 /* MovieEditorTVC.m */; };
		C8252E7A15ACAEE800DF0F96 /* MovieEditorPictureCell.m in Sources */ = {isa = PBXBuildFile; fileRef = C8252E7915ACAEE800DF0F96 /* MovieEditorPictureCell.m */; };
		C82A09FF15FA7D4D00C2A80F /* Localizable.strings in Resources */ = {isa = PBXBuildFile; fileRef = C82A0A0115FA7D4D00C2A80F /* Localizable.strings */; };
		C83F7A2F15F7E86100CB16B4 /* NSString+MultipleStringCompare.m in Sources */ = {isa = PBXBuildFile; fileRef = C83F7A2E15F7E86100CB16B4 /* NSString+MultipleStringCompare.m */; };
		C8559D5F15DAC8220027B75E /* README.pdf in Resources */ = {isa = PBXBuildFile; fileRef = C8559D5E15DAC8220027B75E /* README.pdf */; };
		C856B7C115F38EA9006C746F /* NSMutableDictionary+LMMutableDictionary.m in Sources */ = {isa = PBXBuildFile; fileRef = C856B7C015F38EA9006C746F /* NSMutableDictionary+LMMutableDictionary.m */; };
		C869D21915F93A0200E7D4CD /* empty.png in Resources */ = {isa = PBXBuildFile; fileRef = C869D21615F93A0200E7D4CD /* empty.png */; };
		C869D21A15F93A0200E7D4CD /* full.png in Resources */ = {isa = PBXBuildFile; fileRef = C869D21715F93A0200E7D4CD /* full.png */; };
		C869D21B15F93A0200E7D4CD /* middle.png in Resources */ = {isa = PBXBuildFile; fileRef = C869D21815F93A0200E7D4CD /* middle.png */; };
		C874004D15B43F0A00DB90C7 /* Movie+Info.m in Sources */ = {isa = PBXBuildFile; fileRef = C874004C15B43F0A00DB90C7 /* Movie+Info.m */; };
		C874004F15B43F4200DB90C7 /* Keys.plist in Resources */ = {isa = PBXBuildFile; fileRef = C874004E15B43F4200DB90C7 /* Keys.plist */; };
		C87ADF3015B322770011B412 /* MovieInfoTVC.m in Sources */ = {isa = PBXBuildFile; fileRef = C87ADF2F15B322770011B412 /* MovieInfoTVC.m */; };
		C885387C15F6720E007623E7 /* ResolutionPickerVC.m in Sources */ = {isa = PBXBuildFile; fileRef = C885387B15F6720E007623E7 /* ResolutionPickerVC.m */; };
		C888F00E15B419BF0063164C /* infoFormattedForArray.m in Sources */ = {isa = PBXBuildFile; fileRef = C888F00D15B419BF0063164C /* infoFormattedForArray.m */; };
		C8995C4015A7413C0000C909 /* IMG_1458.JPG in Resources */ = {isa = PBXBuildFile; fileRef = C8995C3F15A7413C0000C909 /* IMG_1458.JPG */; };
		C8A4D2AF15DC1EE20082BFD4 /* SearchTVC.m in Sources */ = {isa = PBXBuildFile; fileRef = C8A4D2AE15DC1EE20082BFD4 /* SearchTVC.m */; };
		C8A4D2B215DC27780082BFD4 /* CellWithSegmentedButton.m in Sources */ = {isa = PBXBuildFile; fileRef = C8A4D2B115DC27780082BFD4 /* CellWithSegmentedButton.m */; };
		C8BAD26B15BF057D00291D43 /* MovieEditorViewedCell.m in Sources */ = {isa = PBXBuildFile; fileRef = C8BAD26A15BF057D00291D43 /* MovieEditorViewedCell.m */; };
		C8BB2E1315BDDBB5004E8CE2 /* RateView.m in Sources */ = {isa = PBXBuildFile; fileRef = C8BB2E1215BDDBB5004E8CE2 /* RateView.m */; };
		C8C42A5E15D0539D0006C59F /* RateViewCell.m in Sources */ = {isa = PBXBuildFile; fileRef = C8C42A5D15D0539D0006C59F /* RateViewCell.m */; };
		C8C58F8E15B1C1F6005C921A /* emptyartwork_mini.jpg in Resources */ = {isa = PBXBuildFile; fileRef = C8C58F8C15B1C1F5005C921A /* emptyartwork_mini.jpg */; };
		C8D101D415E9061800212AFC /* TMDBMovie.m in Sources */ = {isa = PBXBuildFile; fileRef = C8D101D315E9061800212AFC /* TMDBMovie.m */; };
		C8DAD3EF15ACC1D7004BFCEA /* MovieEditorGeneralCell.m in Sources */ = {isa = PBXBuildFile; fileRef = C8DAD3EE15ACC1D6004BFCEA /* MovieEditorGeneralCell.m */; };
		C8DAD3F115ACC5CA004BFCEA /* keyOrder.plist in Resources */ = {isa = PBXBuildFile; fileRef = C8DAD3F015ACC5CA004BFCEA /* keyOrder.plist */; };
		C8DE8BC815D4432D00B251B6 /* settings_icon@2x.png in Resources */ = {isa = PBXBuildFile; fileRef = C8DE8BC615D4432D00B251B6 /* settings_icon@2x.png */; };
		C8DE8BCA15D4472C00B251B6 /* settings_icon.png in Resources */ = {isa = PBXBuildFile; fileRef = C8DE8BC915D4472C00B251B6 /* settings_icon.png */; };
		C8DE8BD115D44DF600B251B6 /* SettingTVC.m in Sources */ = {isa = PBXBuildFile; fileRef = C8DE8BD015D44DF600B251B6 /* SettingTVC.m */; };
		C8F0D99915A8AF2E00902094 /* MovieManager.m in Sources */ = {isa = PBXBuildFile; fileRef = C8F0D99A15A8AF2E00902094 /* MovieManager.m */; };
		C8F200DB15A247E600CBCD77 /* MovieViewController.m in Sources */ = {isa = PBXBuildFile; fileRef = C8F200DA15A247E600CBCD77 /* MovieViewController.m */; };
		C8F30C1215A210C7000AB421 /* UIKit.framework in Frameworks */ = {isa = PBXBuildFile; fileRef = C8F30C1115A210C7000AB421 /* UIKit.framework */; };
		C8F30C1415A210C7000AB421 /* Foundation.framework in Frameworks */ = {isa = PBXBuildFile; fileRef = C8F30C1315A210C7000AB421 /* Foundation.framework */; };
		C8F30C1615A210C7000AB421 /* CoreGraphics.framework in Frameworks */ = {isa = PBXBuildFile; fileRef = C8F30C1515A210C7000AB421 /* CoreGraphics.framework */; };
		C8F30C1815A210C7000AB421 /* CoreData.framework in Frameworks */ = {isa = PBXBuildFile; fileRef = C8F30C1715A210C7000AB421 /* CoreData.framework */; };
		C8F30C2015A210C7000AB421 /* main.m in Sources */ = {isa = PBXBuildFile; fileRef = C8F30C1F15A210C7000AB421 /* main.m */; };
		C8F30C2415A210C7000AB421 /* AppDelegate.m in Sources */ = {isa = PBXBuildFile; fileRef = C8F30C2315A210C7000AB421 /* AppDelegate.m */; };
		C8F30C2715A210C7000AB421 /* MainStoryboard.storyboard in Resources */ = {isa = PBXBuildFile; fileRef = C8F30C2515A210C7000AB421 /* MainStoryboard.storyboard */; };
		C8F30C2A15A210C7000AB421 /* LMovie.xcdatamodeld in Sources */ = {isa = PBXBuildFile; fileRef = C8F30C2815A210C7000AB421 /* LMovie.xcdatamodeld */; };
		C8F30C2D15A210C7000AB421 /* MasterViewController.m in Sources */ = {isa = PBXBuildFile; fileRef = C8F30C2C15A210C7000AB421 /* MasterViewController.m */; };
		C8F30C3015A210C7000AB421 /* DetailViewController.m in Sources */ = {isa = PBXBuildFile; fileRef = C8F30C2F15A210C7000AB421 /* DetailViewController.m */; };
		C8F30C5415A21C3C000AB421 /* MainCellHorizontal.m in Sources */ = {isa = PBXBuildFile; fileRef = C8F30C5315A21C3C000AB421 /* MainCellHorizontal.m */; };
		C8F369ED15AB0B2E0024F2CD /* emptyartwork_big.jpg in Resources */ = {isa = PBXBuildFile; fileRef = C8F369EC15AB0B2E0024F2CD /* emptyartwork_big.jpg */; };
		C8F3C87315AF639A004D7A9E /* utilities.m in Sources */ = {isa = PBXBuildFile; fileRef = C8F3C87215AF639A004D7A9E /* utilities.m */; };
		C8FDF6D615A89F9100289DAF /* MyMovie.m in Sources */ = {isa = PBXBuildFile; fileRef = C8FDF6D515A89F9100289DAF /* MyMovie.m */; };
/* End PBXBuildFile section */

/* Begin PBXFileReference section */
		C800877D1601147A00F01B41 /* MultipleChoices.plist */ = {isa = PBXFileReference; fileEncoding = 4; lastKnownFileType = text.plist.xml; path = MultipleChoices.plist; sourceTree = "<group>"; };
		C80D84E416BC14A700FF8043 /* MBProgressHUD.m */ = {isa = PBXFileReference; fileEncoding = 4; lastKnownFileType = sourcecode.c.objc; path = MBProgressHUD.m; sourceTree = "<group>"; };
		C80D84E516BC14A700FF8043 /* MBProgressHUD.h */ = {isa = PBXFileReference; fileEncoding = 4; lastKnownFileType = sourcecode.c.h; path = MBProgressHUD.h; sourceTree = "<group>"; };
		C80D84E716BC1B2B00FF8043 /* SharedManager.h */ = {isa = PBXFileReference; fileEncoding = 4; lastKnownFileType = sourcecode.c.h; path = SharedManager.h; sourceTree = "<group>"; };
		C80D84E816BC1B2B00FF8043 /* SharedManager.m */ = {isa = PBXFileReference; fileEncoding = 4; lastKnownFileType = sourcecode.c.objc; path = SharedManager.m; sourceTree = "<group>"; };
		C8137B5615E7D50A00DAA7A5 /* TMDBSearchTVC.h */ = {isa = PBXFileReference; fileEncoding = 4; lastKnownFileType = sourcecode.c.h; path = TMDBSearchTVC.h; sourceTree = "<group>"; };
		C8137B5715E7D50A00DAA7A5 /* TMDBSearchTVC.m */ = {isa = PBXFileReference; fileEncoding = 4; lastKnownFileType = sourcecode.c.objc; path = TMDBSearchTVC.m; sourceTree = "<group>"; };
		C8137B5B15E7DA0E00DAA7A5 /* TMDBSearchCell.h */ = {isa = PBXFileReference; fileEncoding = 4; lastKnownFileType = sourcecode.c.h; path = TMDBSearchCell.h; sourceTree = "<group>"; };
		C8137B5C15E7DA0E00DAA7A5 /* TMDBSearchCell.m */ = {isa = PBXFileReference; fileEncoding = 4; lastKnownFileType = sourcecode.c.objc; path = TMDBSearchCell.m; sourceTree = "<group>"; };
		C815EACE15F765820007702F /* PasVu.png */ = {isa = PBXFileReference; lastKnownFileType = image.png; name = PasVu.png; path = icons/PasVu.png; sourceTree = "<group>"; };
		C815EACF15F765820007702F /* Vu.png */ = {isa = PBXFileReference; lastKnownFileType = image.png; name = Vu.png; path = icons/Vu.png; sourceTree = "<group>"; };
		C815EAD015F765820007702F /* VuNoIdea.png */ = {isa = PBXFileReference; lastKnownFileType = image.png; name = VuNoIdea.png; path = icons/VuNoIdea.png; sourceTree = "<group>"; };
		C81756861687662A00F592C9 /* AssetsLibrary.framework */ = {isa = PBXFileReference; lastKnownFileType = wrapper.framework; name = AssetsLibrary.framework; path = System/Library/Frameworks/AssetsLibrary.framework; sourceTree = SDKROOT; };
		C81BAE2E15F9FA5F00529A65 /* Icon-72.png */ = {isa = PBXFileReference; lastKnownFileType = image.png; name = "Icon-72.png"; path = "icons/Icon-72.png"; sourceTree = "<group>"; };
		C81BAE2F15F9FA5F00529A65 /* Icon-72@2x.png */ = {isa = PBXFileReference; lastKnownFileType = image.png; name = "Icon-72@2x.png"; path = "icons/Icon-72@2x.png"; sourceTree = "<group>"; };
		C81BAE3015F9FA5F00529A65 /* Icon-Small-50.png */ = {isa = PBXFileReference; lastKnownFileType = image.png; name = "Icon-Small-50.png"; path = "icons/Icon-Small-50.png"; sourceTree = "<group>"; };
		C81BAE3115F9FA5F00529A65 /* Icon-Small-50@2x.png */ = {isa = PBXFileReference; lastKnownFileType = image.png; name = "Icon-Small-50@2x.png"; path = "icons/Icon-Small-50@2x.png"; sourceTree = "<group>"; };
		C81BAE3615F9FBF000529A65 /* SettingsLoader.h */ = {isa = PBXFileReference; fileEncoding = 4; lastKnownFileType = sourcecode.c.h; path = SettingsLoader.h; sourceTree = "<group>"; };
		C81BAE3715F9FBF000529A65 /* SettingsLoader.m */ = {isa = PBXFileReference; fileEncoding = 4; lastKnownFileType = sourcecode.c.objc; path = SettingsLoader.m; sourceTree = "<group>"; };
		C81BAE3915FA581600529A65 /* LMovie 7.xcdatamodel */ = {isa = PBXFileReference; lastKnownFileType = wrapper.xcdatamodel; path = "LMovie 7.xcdatamodel"; sourceTree = "<group>"; };
		C81BAE3E15FA59CF00529A65 /* migration6to7.xcmappingmodel */ = {isa = PBXFileReference; lastKnownFileType = wrapper.xcmappingmodel; path = migration6to7.xcmappingmodel; sourceTree = "<group>"; };
		C81BAE4415FA5C8300529A65 /* Movie.h */ = {isa = PBXFileReference; fileEncoding = 4; lastKnownFileType = sourcecode.c.h; path = Movie.h; sourceTree = "<group>"; };
		C81BAE4515FA5C8400529A65 /* Movie.m */ = {isa = PBXFileReference; fileEncoding = 4; lastKnownFileType = sourcecode.c.objc; path = Movie.m; sourceTree = "<group>"; };
		C81F60C915B49022000703EF /* SeguePopoverMovieInfoTVC.h */ = {isa = PBXFileReference; fileEncoding = 4; lastKnownFileType = sourcecode.c.h; path = SeguePopoverMovieInfoTVC.h; sourceTree = "<group>"; };
		C81F60CA15B49022000703EF /* SeguePopoverMovieInfoTVC.m */ = {isa = PBXFileReference; fileEncoding = 4; lastKnownFileType = sourcecode.c.objc; path = SeguePopoverMovieInfoTVC.m; sourceTree = "<group>"; };
		C824DBD815BC1A890041B0D8 /* File.rtf */ = {isa = PBXFileReference; fileEncoding = 4; lastKnownFileType = text.rtf; path = File.rtf; sourceTree = "<group>"; };
		C8252E7415AC93F900DF0F96 /* MovieEditorTVC.h */ = {isa = PBXFileReference; fileEncoding = 4; lastKnownFileType = sourcecode.c.h; path = MovieEditorTVC.h; sourceTree = "<group>"; };
		C8252E7515AC93F900DF0F96 /* MovieEditorTVC.m */ = {isa = PBXFileReference; fileEncoding = 4; lastKnownFileType = sourcecode.c.objc; path = MovieEditorTVC.m; sourceTree = "<group>"; };
		C8252E7815ACAEE800DF0F96 /* MovieEditorPictureCell.h */ = {isa = PBXFileReference; fileEncoding = 4; lastKnownFileType = sourcecode.c.h; path = MovieEditorPictureCell.h; sourceTree = "<group>"; };
		C8252E7915ACAEE800DF0F96 /* MovieEditorPictureCell.m */ = {isa = PBXFileReference; fileEncoding = 4; lastKnownFileType = sourcecode.c.objc; path = MovieEditorPictureCell.m; sourceTree = "<group>"; };
		C82A0A0215FA7D5300C2A80F /* fr */ = {isa = PBXFileReference; lastKnownFileType = text.plist.strings; name = fr; path = fr.lproj/Localizable.strings; sourceTree = "<group>"; };
		C82A0A0315FA805F00C2A80F /* en */ = {isa = PBXFileReference; lastKnownFileType = text.plist.strings; name = en; path = en.lproj/Localizable.strings; sourceTree = "<group>"; };
		C83F7A2D15F7E86100CB16B4 /* NSString+MultipleStringCompare.h */ = {isa = PBXFileReference; fileEncoding = 4; lastKnownFileType = sourcecode.c.h; path = "NSString+MultipleStringCompare.h"; sourceTree = "<group>"; };
		C83F7A2E15F7E86100CB16B4 /* NSString+MultipleStringCompare.m */ = {isa = PBXFileReference; fileEncoding = 4; lastKnownFileType = sourcecode.c.objc; path = "NSString+MultipleStringCompare.m"; sourceTree = "<group>"; };
		C846114915AD8AAB005A2D6C /* MovieEditorDelegate.h */ = {isa = PBXFileReference; lastKnownFileType = sourcecode.c.h; path = MovieEditorDelegate.h; sourceTree = "<group>"; };
		C84F426E15D807EE00ECC2E3 /* LMovie 4.xcdatamodel */ = {isa = PBXFileReference; lastKnownFileType = wrapper.xcdatamodel; path = "LMovie 4.xcdatamodel"; sourceTree = "<group>"; };
		C8559D5E15DAC8220027B75E /* README.pdf */ = {isa = PBXFileReference; lastKnownFileType = image.pdf; path = README.pdf; sourceTree = "<group>"; };
		C856B7BF15F38EA9006C746F /* NSMutableDictionary+LMMutableDictionary.h */ = {isa = PBXFileReference; fileEncoding = 4; lastKnownFileType = sourcecode.c.h; path = "NSMutableDictionary+LMMutableDictionary.h"; sourceTree = "<group>"; };
		C856B7C015F38EA9006C746F /* NSMutableDictionary+LMMutableDictionary.m */ = {isa = PBXFileReference; fileEncoding = 4; lastKnownFileType = sourcecode.c.objc; path = "NSMutableDictionary+LMMutableDictionary.m"; sourceTree = "<group>"; };
		C85AF26B15E663770007B73C /* LMovie 5.xcdatamodel */ = {isa = PBXFileReference; lastKnownFileType = wrapper.xcdatamodel; path = "LMovie 5.xcdatamodel"; sourceTree = "<group>"; };
		C869D21615F93A0200E7D4CD /* empty.png */ = {isa = PBXFileReference; lastKnownFileType = image.png; name = empty.png; path = icons/empty.png; sourceTree = "<group>"; };
		C869D21715F93A0200E7D4CD /* full.png */ = {isa = PBXFileReference; lastKnownFileType = image.png; name = full.png; path = icons/full.png; sourceTree = "<group>"; };
		C869D21815F93A0200E7D4CD /* middle.png */ = {isa = PBXFileReference; lastKnownFileType = image.png; name = middle.png; path = icons/middle.png; sourceTree = "<group>"; };
		C869D22715F9427300E7D4CD /* Icon@2x.png */ = {isa = PBXFileReference; lastKnownFileType = image.png; name = "Icon@2x.png"; path = "../Icon@2x.png"; sourceTree = "<group>"; };
		C872841915A74D560028D6D7 /* MovieManager.h */ = {isa = PBXFileReference; fileEncoding = 4; lastKnownFileType = sourcecode.c.h; path = MovieManager.h; sourceTree = "<group>"; };
		C872C24015CD2939008C7D5B /* LMovie 3.xcdatamodel */ = {isa = PBXFileReference; lastKnownFileType = wrapper.xcdatamodel; path = "LMovie 3.xcdatamodel"; sourceTree = "<group>"; };
		C874004B15B43F0A00DB90C7 /* Movie+Info.h */ = {isa = PBXFileReference; fileEncoding = 4; lastKnownFileType = sourcecode.c.h; path = "Movie+Info.h"; sourceTree = "<group>"; };
		C874004C15B43F0A00DB90C7 /* Movie+Info.m */ = {isa = PBXFileReference; fileEncoding = 4; lastKnownFileType = sourcecode.c.objc; path = "Movie+Info.m"; sourceTree = "<group>"; };
		C874004E15B43F4200DB90C7 /* Keys.plist */ = {isa = PBXFileReference; fileEncoding = 4; lastKnownFileType = text.plist.xml; path = Keys.plist; sourceTree = "<group>"; };
		C87ADF2E15B322770011B412 /* MovieInfoTVC.h */ = {isa = PBXFileReference; fileEncoding = 4; lastKnownFileType = sourcecode.c.h; path = MovieInfoTVC.h; sourceTree = "<group>"; };
		C87ADF2F15B322770011B412 /* MovieInfoTVC.m */ = {isa = PBXFileReference; fileEncoding = 4; lastKnownFileType = sourcecode.c.objc; path = MovieInfoTVC.m; sourceTree = "<group>"; };
		C885387A15F6720E007623E7 /* ResolutionPickerVC.h */ = {isa = PBXFileReference; fileEncoding = 4; lastKnownFileType = sourcecode.c.h; path = ResolutionPickerVC.h; sourceTree = "<group>"; };
		C885387B15F6720E007623E7 /* ResolutionPickerVC.m */ = {isa = PBXFileReference; fileEncoding = 4; lastKnownFileType = sourcecode.c.objc; path = ResolutionPickerVC.m; sourceTree = "<group>"; };
		C885387D15F676AE007623E7 /* LMovie 6.xcdatamodel */ = {isa = PBXFileReference; lastKnownFileType = wrapper.xcdatamodel; path = "LMovie 6.xcdatamodel"; sourceTree = "<group>"; };
		C888F00C15B419BF0063164C /* infoFormattedForArray.h */ = {isa = PBXFileReference; fileEncoding = 4; lastKnownFileType = sourcecode.c.h; path = infoFormattedForArray.h; sourceTree = "<group>"; };
		C888F00D15B419BF0063164C /* infoFormattedForArray.m */ = {isa = PBXFileReference; fileEncoding = 4; lastKnownFileType = sourcecode.c.objc; path = infoFormattedForArray.m; sourceTree = "<group>"; };
		C8995C3F15A7413C0000C909 /* IMG_1458.JPG */ = {isa = PBXFileReference; lastKnownFileType = image.jpeg; name = IMG_1458.JPG; path = LMovie/icons/IMG_1458.JPG; sourceTree = SOURCE_ROOT; };
		C8A4D2AD15DC1EE20082BFD4 /* SearchTVC.h */ = {isa = PBXFileReference; fileEncoding = 4; lastKnownFileType = sourcecode.c.h; name = SearchTVC.h; path = SearchTVC/SearchTVC.h; sourceTree = "<group>"; };
		C8A4D2AE15DC1EE20082BFD4 /* SearchTVC.m */ = {isa = PBXFileReference; fileEncoding = 4; lastKnownFileType = sourcecode.c.objc; name = SearchTVC.m; path = SearchTVC/SearchTVC.m; sourceTree = "<group>"; };
		C8A4D2B015DC27780082BFD4 /* CellWithSegmentedButton.h */ = {isa = PBXFileReference; fileEncoding = 4; lastKnownFileType = sourcecode.c.h; path = CellWithSegmentedButton.h; sourceTree = "<group>"; };
		C8A4D2B115DC27780082BFD4 /* CellWithSegmentedButton.m */ = {isa = PBXFileReference; fileEncoding = 4; lastKnownFileType = sourcecode.c.objc; path = CellWithSegmentedButton.m; sourceTree = "<group>"; };
		C8BAD26915BF057D00291D43 /* MovieEditorViewedCell.h */ = {isa = PBXFileReference; fileEncoding = 4; lastKnownFileType = sourcecode.c.h; path = MovieEditorViewedCell.h; sourceTree = "<group>"; };
		C8BAD26A15BF057D00291D43 /* MovieEditorViewedCell.m */ = {isa = PBXFileReference; fileEncoding = 4; lastKnownFileType = sourcecode.c.objc; path = MovieEditorViewedCell.m; sourceTree = "<group>"; };
		C8BB2E1115BDDBB5004E8CE2 /* RateView.h */ = {isa = PBXFileReference; fileEncoding = 4; lastKnownFileType = sourcecode.c.h; name = RateView.h; path = LMovie/RateView.h; sourceTree = "<group>"; };
		C8BB2E1215BDDBB5004E8CE2 /* RateView.m */ = {isa = PBXFileReference; fileEncoding = 4; lastKnownFileType = sourcecode.c.objc; name = RateView.m; path = LMovie/RateView.m; sourceTree = "<group>"; };
		C8C42A5C15D0539D0006C59F /* RateViewCell.h */ = {isa = PBXFileReference; fileEncoding = 4; lastKnownFileType = sourcecode.c.h; path = RateViewCell.h; sourceTree = "<group>"; };
		C8C42A5D15D0539D0006C59F /* RateViewCell.m */ = {isa = PBXFileReference; fileEncoding = 4; lastKnownFileType = sourcecode.c.objc; path = RateViewCell.m; sourceTree = "<group>"; };
		C8C58F8C15B1C1F5005C921A /* emptyartwork_mini.jpg */ = {isa = PBXFileReference; lastKnownFileType = image.jpeg; name = emptyartwork_mini.jpg; path = LMovie/icons/emptyartwork_mini.jpg; sourceTree = SOURCE_ROOT; };
		C8D101D215E9061800212AFC /* TMDBMovie.h */ = {isa = PBXFileReference; fileEncoding = 4; lastKnownFileType = sourcecode.c.h; path = TMDBMovie.h; sourceTree = "<group>"; };
		C8D101D315E9061800212AFC /* TMDBMovie.m */ = {isa = PBXFileReference; fileEncoding = 4; lastKnownFileType = sourcecode.c.objc; path = TMDBMovie.m; sourceTree = "<group>"; };
		C8D476B315BC8A9D00556020 /* LMovie 2.xcdatamodel */ = {isa = PBXFileReference; lastKnownFileType = wrapper.xcdatamodel; path = "LMovie 2.xcdatamodel"; sourceTree = "<group>"; };
		C8DAD3ED15ACC1D6004BFCEA /* MovieEditorGeneralCell.h */ = {isa = PBXFileReference; fileEncoding = 4; lastKnownFileType = sourcecode.c.h; path = MovieEditorGeneralCell.h; sourceTree = "<group>"; };
		C8DAD3EE15ACC1D6004BFCEA /* MovieEditorGeneralCell.m */ = {isa = PBXFileReference; fileEncoding = 4; lastKnownFileType = sourcecode.c.objc; path = MovieEditorGeneralCell.m; sourceTree = "<group>"; };
		C8DAD3F015ACC5CA004BFCEA /* keyOrder.plist */ = {isa = PBXFileReference; fileEncoding = 4; lastKnownFileType = text.plist.xml; path = keyOrder.plist; sourceTree = "<group>"; };
		C8DE8BC615D4432D00B251B6 /* settings_icon@2x.png */ = {isa = PBXFileReference; lastKnownFileType = image.png; name = "settings_icon@2x.png"; path = "LMovie/icons/settings_icon@2x.png"; sourceTree = SOURCE_ROOT; };
		C8DE8BC915D4472C00B251B6 /* settings_icon.png */ = {isa = PBXFileReference; lastKnownFileType = image.png; name = settings_icon.png; path = LMovie/icons/settings_icon.png; sourceTree = SOURCE_ROOT; };
		C8DE8BCF15D44DF600B251B6 /* SettingTVC.h */ = {isa = PBXFileReference; fileEncoding = 4; lastKnownFileType = sourcecode.c.h; name = SettingTVC.h; path = Settings/SettingTVC.h; sourceTree = "<group>"; };
		C8DE8BD015D44DF600B251B6 /* SettingTVC.m */ = {isa = PBXFileReference; fileEncoding = 4; lastKnownFileType = sourcecode.c.objc; name = SettingTVC.m; path = Settings/SettingTVC.m; sourceTree = "<group>"; };
		C8F0D99A15A8AF2E00902094 /* MovieManager.m */ = {isa = PBXFileReference; lastKnownFileType = sourcecode.c.objc; path = MovieManager.m; sourceTree = "<group>"; };
		C8F200D915A247E600CBCD77 /* MovieViewController.h */ = {isa = PBXFileReference; fileEncoding = 4; lastKnownFileType = sourcecode.c.h; path = MovieViewController.h; sourceTree = "<group>"; };
		C8F200DA15A247E600CBCD77 /* MovieViewController.m */ = {isa = PBXFileReference; fileEncoding = 4; lastKnownFileType = sourcecode.c.objc; path = MovieViewController.m; sourceTree = "<group>"; };
		C8F30C0D15A210C7000AB421 /* LMovieB.app */ = {isa = PBXFileReference; explicitFileType = wrapper.application; includeInIndex = 0; path = LMovieB.app; sourceTree = BUILT_PRODUCTS_DIR; };
		C8F30C1115A210C7000AB421 /* UIKit.framework */ = {isa = PBXFileReference; lastKnownFileType = wrapper.framework; name = UIKit.framework; path = System/Library/Frameworks/UIKit.framework; sourceTree = SDKROOT; };
		C8F30C1315A210C7000AB421 /* Foundation.framework */ = {isa = PBXFileReference; lastKnownFileType = wrapper.framework; name = Foundation.framework; path = System/Library/Frameworks/Foundation.framework; sourceTree = SDKROOT; };
		C8F30C1515A210C7000AB421 /* CoreGraphics.framework */ = {isa = PBXFileReference; lastKnownFileType = wrapper.framework; name = CoreGraphics.framework; path = System/Library/Frameworks/CoreGraphics.framework; sourceTree = SDKROOT; };
		C8F30C1715A210C7000AB421 /* CoreData.framework */ = {isa = PBXFileReference; lastKnownFileType = wrapper.framework; name = CoreData.framework; path = System/Library/Frameworks/CoreData.framework; sourceTree = SDKROOT; };
		C8F30C1B15A210C7000AB421 /* LMovieB-Info.plist */ = {isa = PBXFileReference; lastKnownFileType = text.plist.xml; path = "LMovieB-Info.plist"; sourceTree = "<group>"; };
		C8F30C1F15A210C7000AB421 /* main.m */ = {isa = PBXFileReference; lastKnownFileType = sourcecode.c.objc; path = main.m; sourceTree = "<group>"; };
		C8F30C2115A210C7000AB421 /* LMovieB-Prefix.pch */ = {isa = PBXFileReference; lastKnownFileType = sourcecode.c.h; path = "LMovieB-Prefix.pch"; sourceTree = "<group>"; };
		C8F30C2215A210C7000AB421 /* AppDelegate.h */ = {isa = PBXFileReference; lastKnownFileType = sourcecode.c.h; path = AppDelegate.h; sourceTree = "<group>"; };
		C8F30C2315A210C7000AB421 /* AppDelegate.m */ = {isa = PBXFileReference; lastKnownFileType = sourcecode.c.objc; path = AppDelegate.m; sourceTree = "<group>"; };
		C8F30C2615A210C7000AB421 /* en */ = {isa = PBXFileReference; lastKnownFileType = file.storyboard; name = en; path = en.lproj/MainStoryboard.storyboard; sourceTree = "<group>"; };
		C8F30C2915A210C7000AB421 /* LMovie.xcdatamodel */ = {isa = PBXFileReference; lastKnownFileType = wrapper.xcdatamodel; path = LMovie.xcdatamodel; sourceTree = "<group>"; };
		C8F30C2B15A210C7000AB421 /* MasterViewController.h */ = {isa = PBXFileReference; lastKnownFileType = sourcecode.c.h; path = MasterViewController.h; sourceTree = "<group>"; };
		C8F30C2C15A210C7000AB421 /* MasterViewController.m */ = {isa = PBXFileReference; lastKnownFileType = sourcecode.c.objc; path = MasterViewController.m; sourceTree = "<group>"; };
		C8F30C2E15A210C7000AB421 /* DetailViewController.h */ = {isa = PBXFileReference; lastKnownFileType = sourcecode.c.h; path = DetailViewController.h; sourceTree = "<group>"; };
		C8F30C2F15A210C7000AB421 /* DetailViewController.m */ = {isa = PBXFileReference; lastKnownFileType = sourcecode.c.objc; path = DetailViewController.m; sourceTree = "<group>"; };
		C8F30C5215A21C3C000AB421 /* MainCellHorizontal.h */ = {isa = PBXFileReference; fileEncoding = 4; lastKnownFileType = sourcecode.c.h; path = MainCellHorizontal.h; sourceTree = "<group>"; };
		C8F30C5315A21C3C000AB421 /* MainCellHorizontal.m */ = {isa = PBXFileReference; fileEncoding = 4; lastKnownFileType = sourcecode.c.objc; path = MainCellHorizontal.m; sourceTree = "<group>"; };
		C8F369EC15AB0B2E0024F2CD /* emptyartwork_big.jpg */ = {isa = PBXFileReference; lastKnownFileType = image.jpeg; name = emptyartwork_big.jpg; path = LMovie/icons/emptyartwork_big.jpg; sourceTree = SOURCE_ROOT; };
		C8F3C87115AF639A004D7A9E /* utilities.h */ = {isa = PBXFileReference; fileEncoding = 4; lastKnownFileType = sourcecode.c.h; path = utilities.h; sourceTree = "<group>"; };
		C8F3C87215AF639A004D7A9E /* utilities.m */ = {isa = PBXFileReference; explicitFileType = sourcecode.c.objc; fileEncoding = 4; path = utilities.m; sourceTree = "<group>"; };
		C8FDF6D415A89F9100289DAF /* MyMovie.h */ = {isa = PBXFileReference; fileEncoding = 4; lastKnownFileType = sourcecode.c.h; path = MyMovie.h; sourceTree = "<group>"; };
		C8FDF6D515A89F9100289DAF /* MyMovie.m */ = {isa = PBXFileReference; fileEncoding = 4; lastKnownFileType = sourcecode.c.objc; path = MyMovie.m; sourceTree = "<group>"; };
/* End PBXFileReference section */

/* Begin PBXFrameworksBuildPhase section */
		C8F30C0A15A210C7000AB421 /* Frameworks */ = {
			isa = PBXFrameworksBuildPhase;
			buildActionMask = 2147483647;
			files = (
				C81756871687662A00F592C9 /* AssetsLibrary.framework in Frameworks */,
				C8F30C1215A210C7000AB421 /* UIKit.framework in Frameworks */,
				C8F30C1415A210C7000AB421 /* Foundation.framework in Frameworks */,
				C8F30C1615A210C7000AB421 /* CoreGraphics.framework in Frameworks */,
				C8F30C1815A210C7000AB421 /* CoreData.framework in Frameworks */,
			);
			runOnlyForDeploymentPostprocessing = 0;
		};
/* End PBXFrameworksBuildPhase section */

/* Begin PBXGroup section */
		C810A0F915FE811100DE9FB3 /* Useless */ = {
			isa = PBXGroup;
			children = (
				C8F369E715AAE8EE0024F2CD /* original */,
				C8FDF6D415A89F9100289DAF /* MyMovie.h */,
				C8FDF6D515A89F9100289DAF /* MyMovie.m */,
				C888F00C15B419BF0063164C /* infoFormattedForArray.h */,
				C888F00D15B419BF0063164C /* infoFormattedForArray.m */,
			);
			name = Useless;
			path = LMovie;
			sourceTree = "<group>";
		};
		C8137B5A15E7D51100DAA7A5 /* TMDBSearchTVC */ = {
			isa = PBXGroup;
			children = (
				C8D101D215E9061800212AFC /* TMDBMovie.h */,
				C8D101D315E9061800212AFC /* TMDBMovie.m */,
				C8137B5B15E7DA0E00DAA7A5 /* TMDBSearchCell.h */,
				C8137B5C15E7DA0E00DAA7A5 /* TMDBSearchCell.m */,
				C8137B5615E7D50A00DAA7A5 /* TMDBSearchTVC.h */,
				C8137B5715E7D50A00DAA7A5 /* TMDBSearchTVC.m */,
			);
			name = TMDBSearchTVC;
			sourceTree = "<group>";
		};
		C81BAE2C15F9F8EA00529A65 /* Star Notation Icon */ = {
			isa = PBXGroup;
			children = (
				C869D21615F93A0200E7D4CD /* empty.png */,
				C869D21715F93A0200E7D4CD /* full.png */,
				C869D21815F93A0200E7D4CD /* middle.png */,
			);
			name = "Star Notation Icon";
			sourceTree = "<group>";
		};
		C81BAE2D15F9F8F900529A65 /* Vu Pas Vu Icon */ = {
			isa = PBXGroup;
			children = (
				C815EACE15F765820007702F /* PasVu.png */,
				C815EACF15F765820007702F /* Vu.png */,
				C815EAD015F765820007702F /* VuNoIdea.png */,
			);
			name = "Vu Pas Vu Icon";
			sourceTree = "<group>";
		};
		C8252E7B15ACAF9000DF0F96 /* MovieEditorCell ou  */ = {
			isa = PBXGroup;
			children = (
				C8BAD26915BF057D00291D43 /* MovieEditorViewedCell.h */,
				C8BAD26A15BF057D00291D43 /* MovieEditorViewedCell.m */,
				C8DAD3F015ACC5CA004BFCEA /* keyOrder.plist */,
				C8DAD3ED15ACC1D6004BFCEA /* MovieEditorGeneralCell.h */,
				C8DAD3EE15ACC1D6004BFCEA /* MovieEditorGeneralCell.m */,
				C8252E7815ACAEE800DF0F96 /* MovieEditorPictureCell.h */,
				C8252E7915ACAEE800DF0F96 /* MovieEditorPictureCell.m */,
			);
			name = "MovieEditorCell ou ";
			sourceTree = "<group>";
		};
		C846114615AD895F005A2D6C /* Utilities */ = {
			isa = PBXGroup;
			children = (
				C80D84E716BC1B2B00FF8043 /* SharedManager.h */,
				C80D84E816BC1B2B00FF8043 /* SharedManager.m */,
				C83F7A2D15F7E86100CB16B4 /* NSString+MultipleStringCompare.h */,
				C83F7A2E15F7E86100CB16B4 /* NSString+MultipleStringCompare.m */,
				C856B7BF15F38EA9006C746F /* NSMutableDictionary+LMMutableDictionary.h */,
				C856B7C015F38EA9006C746F /* NSMutableDictionary+LMMutableDictionary.m */,
				C8F3C87115AF639A004D7A9E /* utilities.h */,
				C8F3C87215AF639A004D7A9E /* utilities.m */,
			);
			name = Utilities;
			sourceTree = "<group>";
		};
		C8559D5A15DAB4BA0027B75E /* MBProgressHub */ = {
			isa = PBXGroup;
			children = (
				C80D84E416BC14A700FF8043 /* MBProgressHUD.m */,
				C80D84E516BC14A700FF8043 /* MBProgressHUD.h */,
				C8559D5E15DAC8220027B75E /* README.pdf */,
			);
			name = MBProgressHub;
			path = LMovie;
			sourceTree = "<group>";
		};
		C8559D5B15DAB4CA0027B75E /* External Classes */ = {
			isa = PBXGroup;
			children = (
				C8559D5A15DAB4BA0027B75E /* MBProgressHub */,
				C8BB2E0E15BDDAEE004E8CE2 /* RateView */,
			);
			name = "External Classes";
			sourceTree = "<group>";
		};
		C872841815A74D1D0028D6D7 /* CoreData */ = {
			isa = PBXGroup;
			children = (
				C800877D1601147A00F01B41 /* MultipleChoices.plist */,
				C81BAE3E15FA59CF00529A65 /* migration6to7.xcmappingmodel */,
				C874004E15B43F4200DB90C7 /* Keys.plist */,
				C872841915A74D560028D6D7 /* MovieManager.h */,
				C8F0D99A15A8AF2E00902094 /* MovieManager.m */,
				C81BAE4415FA5C8300529A65 /* Movie.h */,
				C81BAE4515FA5C8400529A65 /* Movie.m */,
				C8F30C2815A210C7000AB421 /* LMovie.xcdatamodeld */,
				C874004B15B43F0A00DB90C7 /* Movie+Info.h */,
				C874004C15B43F0A00DB90C7 /* Movie+Info.m */,
			);
			name = CoreData;
			sourceTree = "<group>";
		};
		C888F01015B419C60063164C /* MovieInfoTVC */ = {
			isa = PBXGroup;
			children = (
				C87ADF2E15B322770011B412 /* MovieInfoTVC.h */,
				C87ADF2F15B322770011B412 /* MovieInfoTVC.m */,
				C81F60C915B49022000703EF /* SeguePopoverMovieInfoTVC.h */,
				C81F60CA15B49022000703EF /* SeguePopoverMovieInfoTVC.m */,
			);
			name = MovieInfoTVC;
			sourceTree = "<group>";
		};
		C888F01115B419FF0063164C /* Images */ = {
			isa = PBXGroup;
			children = (
				C81BAE2C15F9F8EA00529A65 /* Star Notation Icon */,
				C81BAE2D15F9F8F900529A65 /* Vu Pas Vu Icon */,
				C8DE8BC915D4472C00B251B6 /* settings_icon.png */,
				C8DE8BC615D4432D00B251B6 /* settings_icon@2x.png */,
				C8995C3F15A7413C0000C909 /* IMG_1458.JPG */,
				C8F369EC15AB0B2E0024F2CD /* emptyartwork_big.jpg */,
				C8C58F8C15B1C1F5005C921A /* emptyartwork_mini.jpg */,
			);
			name = Images;
			sourceTree = "<group>";
		};
		C888F01215B41A250063164C /* MainVCCell */ = {
			isa = PBXGroup;
			children = (
				C8F30C5215A21C3C000AB421 /* MainCellHorizontal.h */,
				C8F30C5315A21C3C000AB421 /* MainCellHorizontal.m */,
			);
			name = MainVCCell;
			sourceTree = "<group>";
		};
		C8A4D2AC15DC1EB00082BFD4 /* SearchTVC */ = {
			isa = PBXGroup;
			children = (
				C8A4D2AD15DC1EE20082BFD4 /* SearchTVC.h */,
				C8A4D2AE15DC1EE20082BFD4 /* SearchTVC.m */,
			);
			name = SearchTVC;
			sourceTree = "<group>";
		};
		C8A4D2B315DC27810082BFD4 /* EditableCell */ = {
			isa = PBXGroup;
			children = (
				C8A4D2B015DC27780082BFD4 /* CellWithSegmentedButton.h */,
				C8A4D2B115DC27780082BFD4 /* CellWithSegmentedButton.m */,
			);
			name = EditableCell;
			sourceTree = "<group>";
		};
		C8BB2E0E15BDDAEE004E8CE2 /* RateView */ = {
			isa = PBXGroup;
			children = (
				C8BB2E1115BDDBB5004E8CE2 /* RateView.h */,
				C8BB2E1215BDDBB5004E8CE2 /* RateView.m */,
			);
			name = RateView;
			sourceTree = "<group>";
		};
		C8C42A5915D049800006C59F /* MovieEditorTVC */ = {
			isa = PBXGroup;
			children = (
				C885387A15F6720E007623E7 /* ResolutionPickerVC.h */,
				C885387B15F6720E007623E7 /* ResolutionPickerVC.m */,
				C846114915AD8AAB005A2D6C /* MovieEditorDelegate.h */,
				C8252E7415AC93F900DF0F96 /* MovieEditorTVC.h */,
				C8252E7515AC93F900DF0F96 /* MovieEditorTVC.m */,
			);
			name = MovieEditorTVC;
			sourceTree = "<group>";
		};
		C8C42A5B15D049950006C59F /* Main VC */ = {
			isa = PBXGroup;
			children = (
				C8F200D915A247E600CBCD77 /* MovieViewController.h */,
				C8F200DA15A247E600CBCD77 /* MovieViewController.m */,
			);
			name = "Main VC";
			sourceTree = "<group>";
		};
		C8DE8BCE15D44B1900B251B6 /* SettingTVC */ = {
			isa = PBXGroup;
			children = (
				C8DE8BCF15D44DF600B251B6 /* SettingTVC.h */,
				C8DE8BD015D44DF600B251B6 /* SettingTVC.m */,
				C81BAE3615F9FBF000529A65 /* SettingsLoader.h */,
				C81BAE3715F9FBF000529A65 /* SettingsLoader.m */,
			);
			name = SettingTVC;
			sourceTree = "<group>";
		};
		C8F30C0215A210C6000AB421 = {
			isa = PBXGroup;
			children = (
				C81756861687662A00F592C9 /* AssetsLibrary.framework */,
				C810A0F915FE811100DE9FB3 /* Useless */,
				C8559D5B15DAB4CA0027B75E /* External Classes */,
				C8F30C1915A210C7000AB421 /* LMovie */,
				C8F30C1015A210C7000AB421 /* Frameworks */,
				C8F30C0E15A210C7000AB421 /* Products */,
			);
			sourceTree = "<group>";
		};
		C8F30C0E15A210C7000AB421 /* Products */ = {
			isa = PBXGroup;
			children = (
				C8F30C0D15A210C7000AB421 /* LMovieB.app */,
			);
			name = Products;
			sourceTree = "<group>";
		};
		C8F30C1015A210C7000AB421 /* Frameworks */ = {
			isa = PBXGroup;
			children = (
				C8F30C1115A210C7000AB421 /* UIKit.framework */,
				C8F30C1315A210C7000AB421 /* Foundation.framework */,
				C8F30C1515A210C7000AB421 /* CoreGraphics.framework */,
				C8F30C1715A210C7000AB421 /* CoreData.framework */,
			);
			name = Frameworks;
			sourceTree = "<group>";
		};
		C8F30C1915A210C7000AB421 /* LMovie */ = {
			isa = PBXGroup;
			children = (
				C888F01115B419FF0063164C /* Images */,
				C8F30C2515A210C7000AB421 /* MainStoryboard.storyboard */,
				C8137B5A15E7D51100DAA7A5 /* TMDBSearchTVC */,
				C8A4D2AC15DC1EB00082BFD4 /* SearchTVC */,
				C8A4D2B315DC27810082BFD4 /* EditableCell */,
				C8DE8BCE15D44B1900B251B6 /* SettingTVC */,
				C888F01015B419C60063164C /* MovieInfoTVC */,
				C8C42A5915D049800006C59F /* MovieEditorTVC */,
				C8C42A5B15D049950006C59F /* Main VC */,
				C824DBD815BC1A890041B0D8 /* File.rtf */,
				C8F30C5515A21C42000AB421 /* Cell */,
				C872841815A74D1D0028D6D7 /* CoreData */,
				C846114615AD895F005A2D6C /* Utilities */,
				C8F30C1A15A210C7000AB421 /* Supporting Files */,
			);
			path = LMovie;
			sourceTree = "<group>";
		};
		C8F30C1A15A210C7000AB421 /* Supporting Files */ = {
			isa = PBXGroup;
			children = (
				C82A0A0115FA7D4D00C2A80F /* Localizable.strings */,
				C81BAE2E15F9FA5F00529A65 /* Icon-72.png */,
				C81BAE2F15F9FA5F00529A65 /* Icon-72@2x.png */,
				C81BAE3015F9FA5F00529A65 /* Icon-Small-50.png */,
				C81BAE3115F9FA5F00529A65 /* Icon-Small-50@2x.png */,
				C869D22715F9427300E7D4CD /* Icon@2x.png */,
				C8F30C2215A210C7000AB421 /* AppDelegate.h */,
				C8F30C2315A210C7000AB421 /* AppDelegate.m */,
				C8F30C1B15A210C7000AB421 /* LMovieB-Info.plist */,
				C8F30C1F15A210C7000AB421 /* main.m */,
				C8F30C2115A210C7000AB421 /* LMovieB-Prefix.pch */,
			);
			name = "Supporting Files";
			sourceTree = "<group>";
		};
		C8F30C5515A21C42000AB421 /* Cell */ = {
			isa = PBXGroup;
			children = (
				C8C42A5C15D0539D0006C59F /* RateViewCell.h */,
				C8C42A5D15D0539D0006C59F /* RateViewCell.m */,
				C8252E7B15ACAF9000DF0F96 /* MovieEditorCell ou  */,
				C888F01215B41A250063164C /* MainVCCell */,
			);
			name = Cell;
			sourceTree = "<group>";
		};
		C8F369E715AAE8EE0024F2CD /* original */ = {
			isa = PBXGroup;
			children = (
				C8F30C2E15A210C7000AB421 /* DetailViewController.h */,
				C8F30C2F15A210C7000AB421 /* DetailViewController.m */,
				C8F30C2B15A210C7000AB421 /* MasterViewController.h */,
				C8F30C2C15A210C7000AB421 /* MasterViewController.m */,
			);
			name = original;
			sourceTree = "<group>";
		};
/* End PBXGroup section */

/* Begin PBXNativeTarget section */
		C8F30C0C15A210C7000AB421 /* LMovieB */ = {
			isa = PBXNativeTarget;
			buildConfigurationList = C8F30C3315A210C7000AB421 /* Build configuration list for PBXNativeTarget "LMovieB" */;
			buildPhases = (
				C8F30C0915A210C7000AB421 /* Sources */,
				C8F30C0A15A210C7000AB421 /* Frameworks */,
				C8F30C0B15A210C7000AB421 /* Resources */,
			);
			buildRules = (
			);
			dependencies = (
			);
			name = LMovieB;
			productName = LMovie;
			productReference = C8F30C0D15A210C7000AB421 /* LMovieB.app */;
			productType = "com.apple.product-type.application";
		};
/* End PBXNativeTarget section */

/* Begin PBXProject section */
		C8F30C0415A210C6000AB421 /* Project object */ = {
			isa = PBXProject;
			attributes = {
				LastUpgradeCheck = 0430;
			};
			buildConfigurationList = C8F30C0715A210C6000AB421 /* Build configuration list for PBXProject "LMovieB" */;
			compatibilityVersion = "Xcode 3.2";
			developmentRegion = English;
			hasScannedForEncodings = 0;
			knownRegions = (
				en,
				fr,
			);
			mainGroup = C8F30C0215A210C6000AB421;
			productRefGroup = C8F30C0E15A210C7000AB421 /* Products */;
			projectDirPath = "";
			projectRoot = "";
			targets = (
				C8F30C0C15A210C7000AB421 /* LMovieB */,
			);
		};
/* End PBXProject section */

/* Begin PBXResourcesBuildPhase section */
		C8F30C0B15A210C7000AB421 /* Resources */ = {
			isa = PBXResourcesBuildPhase;
			buildActionMask = 2147483647;
			files = (
				C8F30C2715A210C7000AB421 /* MainStoryboard.storyboard in Resources */,
				C8995C4015A7413C0000C909 /* IMG_1458.JPG in Resources */,
				C8F369ED15AB0B2E0024F2CD /* emptyartwork_big.jpg in Resources */,
				C8DAD3F115ACC5CA004BFCEA /* keyOrder.plist in Resources */,
				C8C58F8E15B1C1F6005C921A /* emptyartwork_mini.jpg in Resources */,
				C874004F15B43F4200DB90C7 /* Keys.plist in Resources */,
				C824DBD915BC1A890041B0D8 /* File.rtf in Resources */,
				C8DE8BC815D4432D00B251B6 /* settings_icon@2x.png in Resources */,
				C8DE8BCA15D4472C00B251B6 /* settings_icon.png in Resources */,
				C8559D5F15DAC8220027B75E /* README.pdf in Resources */,
				C815EAD115F765820007702F /* PasVu.png in Resources */,
				C815EAD215F765820007702F /* Vu.png in Resources */,
				C815EAD315F765820007702F /* VuNoIdea.png in Resources */,
				C869D21915F93A0200E7D4CD /* empty.png in Resources */,
				C869D21A15F93A0200E7D4CD /* full.png in Resources */,
				C869D21B15F93A0200E7D4CD /* middle.png in Resources */,
				C81BAE3215F9FA5F00529A65 /* Icon-72.png in Resources */,
				C81BAE3315F9FA5F00529A65 /* Icon-72@2x.png in Resources */,
				C81BAE3415F9FA5F00529A65 /* Icon-Small-50.png in Resources */,
				C81BAE3515F9FA5F00529A65 /* Icon-Small-50@2x.png in Resources */,
				C82A09FF15FA7D4D00C2A80F /* Localizable.strings in Resources */,
				C800877E1601147A00F01B41 /* MultipleChoices.plist in Resources */,
			);
			runOnlyForDeploymentPostprocessing = 0;
		};
/* End PBXResourcesBuildPhase section */

/* Begin PBXSourcesBuildPhase section */
		C8F30C0915A210C7000AB421 /* Sources */ = {
			isa = PBXSourcesBuildPhase;
			buildActionMask = 2147483647;
			files = (
				C8F30C2015A210C7000AB421 /* main.m in Sources */,
				C8F30C2415A210C7000AB421 /* AppDelegate.m in Sources */,
				C8F30C2A15A210C7000AB421 /* LMovie.xcdatamodeld in Sources */,
				C8F30C2D15A210C7000AB421 /* MasterViewController.m in Sources */,
				C8F30C3015A210C7000AB421 /* DetailViewController.m in Sources */,
				C8F30C5415A21C3C000AB421 /* MainCellHorizontal.m in Sources */,
				C8F200DB15A247E600CBCD77 /* MovieViewController.m in Sources */,
				C8F0D99915A8AF2E00902094 /* MovieManager.m in Sources */,
				C8FDF6D615A89F9100289DAF /* MyMovie.m in Sources */,
				C8252E7615AC93F900DF0F96 /* MovieEditorTVC.m in Sources */,
				C8252E7A15ACAEE800DF0F96 /* MovieEditorPictureCell.m in Sources */,
				C8DAD3EF15ACC1D7004BFCEA /* MovieEditorGeneralCell.m in Sources */,
				C8F3C87315AF639A004D7A9E /* utilities.m in Sources */,
				C87ADF3015B322770011B412 /* MovieInfoTVC.m in Sources */,
				C888F00E15B419BF0063164C /* infoFormattedForArray.m in Sources */,
				C874004D15B43F0A00DB90C7 /* Movie+Info.m in Sources */,
				C81F60CB15B49022000703EF /* SeguePopoverMovieInfoTVC.m in Sources */,
				C8BB2E1315BDDBB5004E8CE2 /* RateView.m in Sources */,
				C8BAD26B15BF057D00291D43 /* MovieEditorViewedCell.m in Sources */,
				C8C42A5E15D0539D0006C59F /* RateViewCell.m in Sources */,
				C8DE8BD115D44DF600B251B6 /* SettingTVC.m in Sources */,
				C8A4D2AF15DC1EE20082BFD4 /* SearchTVC.m in Sources */,
				C8A4D2B215DC27780082BFD4 /* CellWithSegmentedButton.m in Sources */,
				C8137B5815E7D50A00DAA7A5 /* TMDBSearchTVC.m in Sources */,
				C8137B5D15E7DA0E00DAA7A5 /* TMDBSearchCell.m in Sources */,
				C8D101D415E9061800212AFC /* TMDBMovie.m in Sources */,
				C856B7C115F38EA9006C746F /* NSMutableDictionary+LMMutableDictionary.m in Sources */,
				C885387C15F6720E007623E7 /* ResolutionPickerVC.m in Sources */,
				C83F7A2F15F7E86100CB16B4 /* NSString+MultipleStringCompare.m in Sources */,
				C81BAE3815F9FBF000529A65 /* SettingsLoader.m in Sources */,
				C81BAE3F15FA59CF00529A65 /* migration6to7.xcmappingmodel in Sources */,
				C81BAE4615FA5C8400529A65 /* Movie.m in Sources */,
				C80D84E616BC14A700FF8043 /* MBProgressHUD.m in Sources */,
				C80D84E916BC1B2B00FF8043 /* SharedManager.m in Sources */,
			);
			runOnlyForDeploymentPostprocessing = 0;
		};
/* End PBXSourcesBuildPhase section */

/* Begin PBXVariantGroup section */
		C82A0A0115FA7D4D00C2A80F /* Localizable.strings */ = {
			isa = PBXVariantGroup;
			children = (
				C82A0A0215FA7D5300C2A80F /* fr */,
				C82A0A0315FA805F00C2A80F /* en */,
			);
			name = Localizable.strings;
			sourceTree = "<group>";
		};
		C8F30C2515A210C7000AB421 /* MainStoryboard.storyboard */ = {
			isa = PBXVariantGroup;
			children = (
				C8F30C2615A210C7000AB421 /* en */,
			);
			name = MainStoryboard.storyboard;
			sourceTree = "<group>";
		};
/* End PBXVariantGroup section */

/* Begin XCBuildConfiguration section */
		C8EA32AD16079C6E009BB92F /* Ad Hoc */ = {
			isa = XCBuildConfiguration;
			buildSettings = {
				ALWAYS_SEARCH_USER_PATHS = NO;
				ARCHS = "$(ARCHS_STANDARD_32_BIT)";
				CLANG_ENABLE_OBJC_ARC = YES;
				"CODE_SIGN_IDENTITY[sdk=iphoneos*]" = "iPhone Distribution: Michel Duss";
				COPY_PHASE_STRIP = YES;
				GCC_C_LANGUAGE_STANDARD = gnu99;
				GCC_VERSION = com.apple.compilers.llvm.clang.1_0;
				GCC_WARN_ABOUT_RETURN_TYPE = YES;
				GCC_WARN_UNINITIALIZED_AUTOS = YES;
				GCC_WARN_UNUSED_VARIABLE = YES;
				IPHONEOS_DEPLOYMENT_TARGET = 5.1;
				OTHER_CFLAGS = "-DNS_BLOCK_ASSERTIONS=1";
				"PROVISIONING_PROFILE[sdk=iphoneos*]" = "C40AE312-7BCC-49C1-BBD5-9287490BAAED";
				SDKROOT = iphoneos;
				TARGETED_DEVICE_FAMILY = 2;
				VALIDATE_PRODUCT = YES;
			};
			name = "Ad Hoc";
		};
		C8EA32AE16079C6E009BB92F /* Ad Hoc */ = {
			isa = XCBuildConfiguration;
			buildSettings = {
				"CODE_SIGN_IDENTITY[sdk=iphoneos*]" = "iPhone Developer: Jonathan Duss (RKFK698625)";
				GCC_PRECOMPILE_PREFIX_HEADER = YES;
				GCC_PREFIX_HEADER = "LMovie/LMovieB-Prefix.pch";
				INFOPLIST_FILE = "LMovie/LMovieB-Info.plist";
				IPHONEOS_DEPLOYMENT_TARGET = 6.0;
				PRODUCT_NAME = LMovieB;
				"PROVISIONING_PROFILE[sdk=iphoneos*]" = "";
				WRAPPER_EXTENSION = app;
			};
			name = "Ad Hoc";
		};
		C8F30C3115A210C7000AB421 /* Debug */ = {
			isa = XCBuildConfiguration;
			buildSettings = {
				ALWAYS_SEARCH_USER_PATHS = NO;
				ARCHS = "$(ARCHS_STANDARD_32_BIT)";
				CLANG_ENABLE_OBJC_ARC = YES;
				"CODE_SIGN_IDENTITY[sdk=iphoneos*]" = "iPhone Developer";
				COPY_PHASE_STRIP = NO;
				GCC_C_LANGUAGE_STANDARD = gnu99;
				GCC_DYNAMIC_NO_PIC = NO;
				GCC_OPTIMIZATION_LEVEL = 0;
				GCC_PREPROCESSOR_DEFINITIONS = (
					"DEBUG=1",
					"$(inherited)",
				);
				GCC_SYMBOLS_PRIVATE_EXTERN = NO;
				GCC_VERSION = com.apple.compilers.llvm.clang.1_0;
				GCC_WARN_ABOUT_RETURN_TYPE = YES;
				GCC_WARN_UNINITIALIZED_AUTOS = YES;
				GCC_WARN_UNUSED_VARIABLE = YES;
				IPHONEOS_DEPLOYMENT_TARGET = 5.1;
				SDKROOT = iphoneos;
				TARGETED_DEVICE_FAMILY = 2;
			};
			name = Debug;
		};
		C8F30C3215A210C7000AB421 /* Release */ = {
			isa = XCBuildConfiguration;
			buildSettings = {
				ALWAYS_SEARCH_USER_PATHS = NO;
				ARCHS = "$(ARCHS_STANDARD_32_BIT)";
				CLANG_ENABLE_OBJC_ARC = YES;
				"CODE_SIGN_IDENTITY[sdk=iphoneos*]" = "iPhone Developer";
				COPY_PHASE_STRIP = YES;
				GCC_C_LANGUAGE_STANDARD = gnu99;
				GCC_VERSION = com.apple.compilers.llvm.clang.1_0;
				GCC_WARN_ABOUT_RETURN_TYPE = YES;
				GCC_WARN_UNINITIALIZED_AUTOS = YES;
				GCC_WARN_UNUSED_VARIABLE = YES;
				IPHONEOS_DEPLOYMENT_TARGET = 5.1;
				OTHER_CFLAGS = "-DNS_BLOCK_ASSERTIONS=1";
				SDKROOT = iphoneos;
				TARGETED_DEVICE_FAMILY = 2;
				VALIDATE_PRODUCT = YES;
			};
			name = Release;
		};
		C8F30C3415A210C7000AB421 /* Debug */ = {
			isa = XCBuildConfiguration;
			buildSettings = {
				GCC_PRECOMPILE_PREFIX_HEADER = YES;
				GCC_PREFIX_HEADER = "LMovie/LMovieB-Prefix.pch";
				INFOPLIST_FILE = "LMovie/LMovieB-Info.plist";
				IPHONEOS_DEPLOYMENT_TARGET = 6.0;
				PRODUCT_NAME = LMovieB;
				WRAPPER_EXTENSION = app;
			};
			name = Debug;
		};
		C8F30C3515A210C7000AB421 /* Release */ = {
			isa = XCBuildConfiguration;
			buildSettings = {
				GCC_PRECOMPILE_PREFIX_HEADER = YES;
				GCC_PREFIX_HEADER = "LMovie/LMovieB-Prefix.pch";
				INFOPLIST_FILE = "LMovie/LMovieB-Info.plist";
				IPHONEOS_DEPLOYMENT_TARGET = 6.0;
				PRODUCT_NAME = LMovieB;
				WRAPPER_EXTENSION = app;
			};
			name = Release;
		};
/* End XCBuildConfiguration section */

/* Begin XCConfigurationList section */
		C8F30C0715A210C6000AB421 /* Build configuration list for PBXProject "LMovieB" */ = {
			isa = XCConfigurationList;
			buildConfigurations = (
				C8F30C3115A210C7000AB421 /* Debug */,
				C8F30C3215A210C7000AB421 /* Release */,
				C8EA32AD16079C6E009BB92F /* Ad Hoc */,
			);
			defaultConfigurationIsVisible = 0;
			defaultConfigurationName = Release;
		};
		C8F30C3315A210C7000AB421 /* Build configuration list for PBXNativeTarget "LMovieB" */ = {
			isa = XCConfigurationList;
			buildConfigurations = (
				C8F30C3415A210C7000AB421 /* Debug */,
				C8F30C3515A210C7000AB421 /* Release */,
				C8EA32AE16079C6E009BB92F /* Ad Hoc */,
			);
			defaultConfigurationIsVisible = 0;
			defaultConfigurationName = Release;
		};
/* End XCConfigurationList section */

/* Begin XCVersionGroup section */
		C8F30C2815A210C7000AB421 /* LMovie.xcdatamodeld */ = {
			isa = XCVersionGroup;
			children = (
				C81BAE3915FA581600529A65 /* LMovie 7.xcdatamodel */,
				C885387D15F676AE007623E7 /* LMovie 6.xcdatamodel */,
				C85AF26B15E663770007B73C /* LMovie 5.xcdatamodel */,
				C84F426E15D807EE00ECC2E3 /* LMovie 4.xcdatamodel */,
				C872C24015CD2939008C7D5B /* LMovie 3.xcdatamodel */,
				C8D476B315BC8A9D00556020 /* LMovie 2.xcdatamodel */,
				C8F30C2915A210C7000AB421 /* LMovie.xcdatamodel */,
			);
			currentVersion = C81BAE3915FA581600529A65 /* LMovie 7.xcdatamodel */;
			path = LMovie.xcdatamodeld;
			sourceTree = "<group>";
			versionGroupType = wrapper.xcdatamodel;
		};
/* End XCVersionGroup section */
	};
	rootObject = C8F30C0415A210C6000AB421 /* Project object */;
}
