// !$*UTF8*$!
{
	archiveVersion = 1;
	classes = {
	};
	objectVersion = 46;
	objects = {

/* Begin PBXBuildFile section */
		C8137B5815E7D50A00DAA7A5 /* TMDBSearchTVC.m in Sources */ = {isa = PBXBuildFile; fileRef = C8137B5715E7D50A00DAA7A5 /* TMDBSearchTVC.m */; };
		C8137B5D15E7DA0E00DAA7A5 /* TMDBSearchCell.m in Sources */ = {isa = PBXBuildFile; fileRef = C8137B5C15E7DA0E00DAA7A5 /* TMDBSearchCell.m */; };
		C81F60CB15B49022000703EF /* SeguePopoverMovieInfoTVC.m in Sources */ = {isa = PBXBuildFile; fileRef = C81F60CA15B49022000703EF /* SeguePopoverMovieInfoTVC.m */; };
		C824DBD915BC1A890041B0D8 /* File.rtf in Resources */ = {isa = PBXBuildFile; fileRef = C824DBD815BC1A890041B0D8 /* File.rtf */; };
		C8252E7615AC93F900DF0F96 /* MovieEditorTVC.m in Sources */ = {isa = PBXBuildFile; fileRef = C8252E7515AC93F900DF0F96 /* MovieEditorTVC.m */; };
		C8252E7A15ACAEE800DF0F96 /* MovieEditorPictureCell.m in Sources */ = {isa = PBXBuildFile; fileRef = C8252E7915ACAEE800DF0F96 /* MovieEditorPictureCell.m */; };
		C84F427215D8194900ECC2E3 /* Movie.m in Sources */ = {isa = PBXBuildFile; fileRef = C84F427115D8194900ECC2E3 /* Movie.m */; };
		C8559D5815DAB4B10027B75E /* MBProgressHUD.m in Sources */ = {isa = PBXBuildFile; fileRef = C8559D5715DAB4B10027B75E /* MBProgressHUD.m */; };
		C8559D5F15DAC8220027B75E /* README.pdf in Resources */ = {isa = PBXBuildFile; fileRef = C8559D5E15DAC8220027B75E /* README.pdf */; };
		C856B7C115F38EA9006C746F /* NSMutableDictionary+LMMutableDictionary.m in Sources */ = {isa = PBXBuildFile; fileRef = C856B7C015F38EA9006C746F /* NSMutableDictionary+LMMutableDictionary.m */; };
		C85AF26E15E663B40007B73C /* migration.xcmappingmodel in Sources */ = {isa = PBXBuildFile; fileRef = C85AF26D15E663B40007B73C /* migration.xcmappingmodel */; };
		C866301D15A9B64900D0723F /* infoView.xib in Resources */ = {isa = PBXBuildFile; fileRef = C866301C15A9B64800D0723F /* infoView.xib */; };
		C866302115A9B78900D0723F /* infoViewPanel.m in Sources */ = {isa = PBXBuildFile; fileRef = C866302015A9B78900D0723F /* infoViewPanel.m */; };
		C86F0B7615B2CFDF00B31602 /* PanelSegue.m in Sources */ = {isa = PBXBuildFile; fileRef = C86F0B7515B2CFDF00B31602 /* PanelSegue.m */; };
		C86F0B8115B2E84200B31602 /* BarButtonBlocks.m in Sources */ = {isa = PBXBuildFile; fileRef = C86F0B8015B2E84200B31602 /* BarButtonBlocks.m */; };
		C86F0B8515B317BE00B31602 /* infoViewGeneralCell.xib in Resources */ = {isa = PBXBuildFile; fileRef = C86F0B8415B317BD00B31602 /* infoViewGeneralCell.xib */; };
		C874004D15B43F0A00DB90C7 /* Movie+Info.m in Sources */ = {isa = PBXBuildFile; fileRef = C874004C15B43F0A00DB90C7 /* Movie+Info.m */; };
		C874004F15B43F4200DB90C7 /* Keys.plist in Resources */ = {isa = PBXBuildFile; fileRef = C874004E15B43F4200DB90C7 /* Keys.plist */; };
		C87ADF3015B322770011B412 /* MovieInfoTVC.m in Sources */ = {isa = PBXBuildFile; fileRef = C87ADF2F15B322770011B412 /* MovieInfoTVC.m */; };
		C888F00E15B419BF0063164C /* infoFormattedForArray.m in Sources */ = {isa = PBXBuildFile; fileRef = C888F00D15B419BF0063164C /* infoFormattedForArray.m */; };
		C8995C4015A7413C0000C909 /* IMG_1458.JPG in Resources */ = {isa = PBXBuildFile; fileRef = C8995C3F15A7413C0000C909 /* IMG_1458.JPG */; };
		C8A4D2AF15DC1EE20082BFD4 /* SearchTVC.m in Sources */ = {isa = PBXBuildFile; fileRef = C8A4D2AE15DC1EE20082BFD4 /* SearchTVC.m */; };
		C8A4D2B215DC27780082BFD4 /* EditableCellForMovieTVC.m in Sources */ = {isa = PBXBuildFile; fileRef = C8A4D2B115DC27780082BFD4 /* EditableCellForMovieTVC.m */; };
		C8A4D2B515DC2A0C0082BFD4 /* MultipleChoices.plist in Resources */ = {isa = PBXBuildFile; fileRef = C8A4D2B415DC2A0C0082BFD4 /* MultipleChoices.plist */; };
		C8BAD26715BEF88E00291D43 /* MovieEditorRateCellCell.m in Sources */ = {isa = PBXBuildFile; fileRef = C8BAD26615BEF88E00291D43 /* MovieEditorRateCellCell.m */; };
		C8BAD26B15BF057D00291D43 /* MovieEditorViewedCell.m in Sources */ = {isa = PBXBuildFile; fileRef = C8BAD26A15BF057D00291D43 /* MovieEditorViewedCell.m */; };
		C8BB2E1315BDDBB5004E8CE2 /* RateView.m in Sources */ = {isa = PBXBuildFile; fileRef = C8BB2E1215BDDBB5004E8CE2 /* RateView.m */; };
		C8BB2E1715BDE1EE004E8CE2 /* empty.jpg in Resources */ = {isa = PBXBuildFile; fileRef = C8BB2E1415BDE1EE004E8CE2 /* empty.jpg */; };
		C8BB2E1815BDE1EE004E8CE2 /* full.jpg in Resources */ = {isa = PBXBuildFile; fileRef = C8BB2E1515BDE1EE004E8CE2 /* full.jpg */; };
		C8BB2E1915BDE1EE004E8CE2 /* middle.jpg in Resources */ = {isa = PBXBuildFile; fileRef = C8BB2E1615BDE1EE004E8CE2 /* middle.jpg */; };
		C8C42A5E15D0539D0006C59F /* RateViewCell.m in Sources */ = {isa = PBXBuildFile; fileRef = C8C42A5D15D0539D0006C59F /* RateViewCell.m */; };
		C8C58F8E15B1C1F6005C921A /* emptyartwork_mini.jpg in Resources */ = {isa = PBXBuildFile; fileRef = C8C58F8C15B1C1F5005C921A /* emptyartwork_mini.jpg */; };
		C8D101D415E9061800212AFC /* TMDBMovie.m in Sources */ = {isa = PBXBuildFile; fileRef = C8D101D315E9061800212AFC /* TMDBMovie.m */; };
		C8DAD3EF15ACC1D7004BFCEA /* MovieEditorGeneralCell.m in Sources */ = {isa = PBXBuildFile; fileRef = C8DAD3EE15ACC1D6004BFCEA /* MovieEditorGeneralCell.m */; };
		C8DAD3F115ACC5CA004BFCEA /* keyOrder.plist in Resources */ = {isa = PBXBuildFile; fileRef = C8DAD3F015ACC5CA004BFCEA /* keyOrder.plist */; };
		C8DE8BC815D4432D00B251B6 /* settings_icon@2x.png in Resources */ = {isa = PBXBuildFile; fileRef = C8DE8BC615D4432D00B251B6 /* settings_icon@2x.png */; };
		C8DE8BCA15D4472C00B251B6 /* settings_icon.png in Resources */ = {isa = PBXBuildFile; fileRef = C8DE8BC915D4472C00B251B6 /* settings_icon.png */; };
		C8DE8BD115D44DF600B251B6 /* SettingTVC.m in Sources */ = {isa = PBXBuildFile; fileRef = C8DE8BD015D44DF600B251B6 /* SettingTVC.m */; };
		C8F0D99915A8AF2E00902094 /* MovieManager.m in Sources */ = {isa = PBXBuildFile; fileRef = C8F0D99A15A8AF2E00902094 /* MovieManager.m */; };
		C8F200DB15A247E600CBCD77 /* MovieViewController.m in Sources */ = {isa = PBXBuildFile; fileRef = C8F200DA15A247E600CBCD77 /* MovieViewController.m */; };
		C8F30C1215A210C7000AB421 /* UIKit.framework in Frameworks */ = {isa = PBXBuildFile; fileRef = C8F30C1115A210C7000AB421 /* UIKit.framework */; };
		C8F30C1415A210C7000AB421 /* Foundation.framework in Frameworks */ = {isa = PBXBuildFile; fileRef = C8F30C1315A210C7000AB421 /* Foundation.framework */; };
		C8F30C1615A210C7000AB421 /* CoreGraphics.framework in Frameworks */ = {isa = PBXBuildFile; fileRef = C8F30C1515A210C7000AB421 /* CoreGraphics.framework */; };
		C8F30C1815A210C7000AB421 /* CoreData.framework in Frameworks */ = {isa = PBXBuildFile; fileRef = C8F30C1715A210C7000AB421 /* CoreData.framework */; };
		C8F30C1E15A210C7000AB421 /* InfoPlist.strings in Resources */ = {isa = PBXBuildFile; fileRef = C8F30C1C15A210C7000AB421 /* InfoPlist.strings */; };
		C8F30C2015A210C7000AB421 /* main.m in Sources */ = {isa = PBXBuildFile; fileRef = C8F30C1F15A210C7000AB421 /* main.m */; };
		C8F30C2415A210C7000AB421 /* AppDelegate.m in Sources */ = {isa = PBXBuildFile; fileRef = C8F30C2315A210C7000AB421 /* AppDelegate.m */; };
		C8F30C2715A210C7000AB421 /* MainStoryboard.storyboard in Resources */ = {isa = PBXBuildFile; fileRef = C8F30C2515A210C7000AB421 /* MainStoryboard.storyboard */; };
		C8F30C2A15A210C7000AB421 /* LMovie.xcdatamodeld in Sources */ = {isa = PBXBuildFile; fileRef = C8F30C2815A210C7000AB421 /* LMovie.xcdatamodeld */; };
		C8F30C2D15A210C7000AB421 /* MasterViewController.m in Sources */ = {isa = PBXBuildFile; fileRef = C8F30C2C15A210C7000AB421 /* MasterViewController.m */; };
		C8F30C3015A210C7000AB421 /* DetailViewController.m in Sources */ = {isa = PBXBuildFile; fileRef = C8F30C2F15A210C7000AB421 /* DetailViewController.m */; };
		C8F30C5415A21C3C000AB421 /* MovieCellHorizontal.m in Sources */ = {isa = PBXBuildFile; fileRef = C8F30C5315A21C3C000AB421 /* MovieCellHorizontal.m */; };
		C8F369ED15AB0B2E0024F2CD /* emptyartwork_big.jpg in Resources */ = {isa = PBXBuildFile; fileRef = C8F369EC15AB0B2E0024F2CD /* emptyartwork_big.jpg */; };
		C8F3C87315AF639A004D7A9E /* utilities.m in Sources */ = {isa = PBXBuildFile; fileRef = C8F3C87215AF639A004D7A9E /* utilities.m */; };
		C8F9D2F115A238A4007E01C9 /* MovieList.m in Sources */ = {isa = PBXBuildFile; fileRef = C8F9D2F015A238A4007E01C9 /* MovieList.m */; };
		C8FDF6D615A89F9100289DAF /* MyMovie.m in Sources */ = {isa = PBXBuildFile; fileRef = C8FDF6D515A89F9100289DAF /* MyMovie.m */; };
/* End PBXBuildFile section */

/* Begin PBXFileReference section */
		C8137B5615E7D50A00DAA7A5 /* TMDBSearchTVC.h */ = {isa = PBXFileReference; fileEncoding = 4; lastKnownFileType = sourcecode.c.h; path = TMDBSearchTVC.h; sourceTree = "<group>"; };
		C8137B5715E7D50A00DAA7A5 /* TMDBSearchTVC.m */ = {isa = PBXFileReference; fileEncoding = 4; lastKnownFileType = sourcecode.c.objc; path = TMDBSearchTVC.m; sourceTree = "<group>"; };
		C8137B5B15E7DA0E00DAA7A5 /* TMDBSearchCell.h */ = {isa = PBXFileReference; fileEncoding = 4; lastKnownFileType = sourcecode.c.h; path = TMDBSearchCell.h; sourceTree = "<group>"; };
		C8137B5C15E7DA0E00DAA7A5 /* TMDBSearchCell.m */ = {isa = PBXFileReference; fileEncoding = 4; lastKnownFileType = sourcecode.c.objc; path = TMDBSearchCell.m; sourceTree = "<group>"; };
		C81F60C915B49022000703EF /* SeguePopoverMovieInfoTVC.h */ = {isa = PBXFileReference; fileEncoding = 4; lastKnownFileType = sourcecode.c.h; path = SeguePopoverMovieInfoTVC.h; sourceTree = "<group>"; };
		C81F60CA15B49022000703EF /* SeguePopoverMovieInfoTVC.m */ = {isa = PBXFileReference; fileEncoding = 4; lastKnownFileType = sourcecode.c.objc; path = SeguePopoverMovieInfoTVC.m; sourceTree = "<group>"; };
		C824DBD815BC1A890041B0D8 /* File.rtf */ = {isa = PBXFileReference; fileEncoding = 4; lastKnownFileType = text.rtf; path = File.rtf; sourceTree = "<group>"; };
		C8252E7415AC93F900DF0F96 /* MovieEditorTVC.h */ = {isa = PBXFileReference; fileEncoding = 4; lastKnownFileType = sourcecode.c.h; path = MovieEditorTVC.h; sourceTree = "<group>"; };
		C8252E7515AC93F900DF0F96 /* MovieEditorTVC.m */ = {isa = PBXFileReference; fileEncoding = 4; lastKnownFileType = sourcecode.c.objc; path = MovieEditorTVC.m; sourceTree = "<group>"; };
		C8252E7815ACAEE800DF0F96 /* MovieEditorPictureCell.h */ = {isa = PBXFileReference; fileEncoding = 4; lastKnownFileType = sourcecode.c.h; path = MovieEditorPictureCell.h; sourceTree = "<group>"; };
		C8252E7915ACAEE800DF0F96 /* MovieEditorPictureCell.m */ = {isa = PBXFileReference; fileEncoding = 4; lastKnownFileType = sourcecode.c.objc; path = MovieEditorPictureCell.m; sourceTree = "<group>"; };
		C846114915AD8AAB005A2D6C /* MovieEditorDelegate.h */ = {isa = PBXFileReference; lastKnownFileType = sourcecode.c.h; path = MovieEditorDelegate.h; sourceTree = "<group>"; };
		C84F426E15D807EE00ECC2E3 /* LMovie 4.xcdatamodel */ = {isa = PBXFileReference; lastKnownFileType = wrapper.xcdatamodel; path = "LMovie 4.xcdatamodel"; sourceTree = "<group>"; };
		C84F427015D8194900ECC2E3 /* Movie.h */ = {isa = PBXFileReference; fileEncoding = 4; lastKnownFileType = sourcecode.c.h; path = Movie.h; sourceTree = "<group>"; };
		C84F427115D8194900ECC2E3 /* Movie.m */ = {isa = PBXFileReference; fileEncoding = 4; lastKnownFileType = sourcecode.c.objc; path = Movie.m; sourceTree = "<group>"; };
		C8559D5615DAB4B10027B75E /* MBProgressHUD.h */ = {isa = PBXFileReference; fileEncoding = 4; lastKnownFileType = sourcecode.c.h; path = MBProgressHUD.h; sourceTree = "<group>"; };
		C8559D5715DAB4B10027B75E /* MBProgressHUD.m */ = {isa = PBXFileReference; fileEncoding = 4; lastKnownFileType = sourcecode.c.objc; path = MBProgressHUD.m; sourceTree = "<group>"; };
		C8559D5E15DAC8220027B75E /* README.pdf */ = {isa = PBXFileReference; lastKnownFileType = image.pdf; path = README.pdf; sourceTree = "<group>"; };
		C856B7BF15F38EA9006C746F /* NSMutableDictionary+LMMutableDictionary.h */ = {isa = PBXFileReference; fileEncoding = 4; lastKnownFileType = sourcecode.c.h; path = "NSMutableDictionary+LMMutableDictionary.h"; sourceTree = "<group>"; };
		C856B7C015F38EA9006C746F /* NSMutableDictionary+LMMutableDictionary.m */ = {isa = PBXFileReference; fileEncoding = 4; lastKnownFileType = sourcecode.c.objc; path = "NSMutableDictionary+LMMutableDictionary.m"; sourceTree = "<group>"; };
		C85AF26B15E663770007B73C /* LMovie 5.xcdatamodel */ = {isa = PBXFileReference; lastKnownFileType = wrapper.xcdatamodel; path = "LMovie 5.xcdatamodel"; sourceTree = "<group>"; };
		C85AF26D15E663B40007B73C /* migration.xcmappingmodel */ = {isa = PBXFileReference; lastKnownFileType = wrapper.xcmappingmodel; path = migration.xcmappingmodel; sourceTree = "<group>"; };
		C866301C15A9B64800D0723F /* infoView.xib */ = {isa = PBXFileReference; fileEncoding = 4; lastKnownFileType = file.xib; path = infoView.xib; sourceTree = "<group>"; };
		C866301F15A9B78900D0723F /* infoViewPanel.h */ = {isa = PBXFileReference; fileEncoding = 4; lastKnownFileType = sourcecode.c.h; path = infoViewPanel.h; sourceTree = "<group>"; };
		C866302015A9B78900D0723F /* infoViewPanel.m */ = {isa = PBXFileReference; fileEncoding = 4; lastKnownFileType = sourcecode.c.objc; path = infoViewPanel.m; sourceTree = "<group>"; };
		C86F0B7415B2CFDF00B31602 /* PanelSegue.h */ = {isa = PBXFileReference; fileEncoding = 4; lastKnownFileType = sourcecode.c.h; path = PanelSegue.h; sourceTree = "<group>"; };
		C86F0B7515B2CFDF00B31602 /* PanelSegue.m */ = {isa = PBXFileReference; fileEncoding = 4; lastKnownFileType = sourcecode.c.objc; path = PanelSegue.m; sourceTree = "<group>"; };
		C86F0B7F15B2E84200B31602 /* BarButtonBlocks.h */ = {isa = PBXFileReference; fileEncoding = 4; lastKnownFileType = sourcecode.c.h; path = BarButtonBlocks.h; sourceTree = "<group>"; };
		C86F0B8015B2E84200B31602 /* BarButtonBlocks.m */ = {isa = PBXFileReference; fileEncoding = 4; lastKnownFileType = sourcecode.c.objc; path = BarButtonBlocks.m; sourceTree = "<group>"; };
		C86F0B8415B317BD00B31602 /* infoViewGeneralCell.xib */ = {isa = PBXFileReference; fileEncoding = 4; lastKnownFileType = file.xib; path = infoViewGeneralCell.xib; sourceTree = "<group>"; };
		C872841915A74D560028D6D7 /* MovieManager.h */ = {isa = PBXFileReference; fileEncoding = 4; lastKnownFileType = sourcecode.c.h; path = MovieManager.h; sourceTree = "<group>"; };
		C872C24015CD2939008C7D5B /* LMovie 3.xcdatamodel */ = {isa = PBXFileReference; lastKnownFileType = wrapper.xcdatamodel; path = "LMovie 3.xcdatamodel"; sourceTree = "<group>"; };
		C874004B15B43F0A00DB90C7 /* Movie+Info.h */ = {isa = PBXFileReference; fileEncoding = 4; lastKnownFileType = sourcecode.c.h; path = "Movie+Info.h"; sourceTree = "<group>"; };
		C874004C15B43F0A00DB90C7 /* Movie+Info.m */ = {isa = PBXFileReference; fileEncoding = 4; lastKnownFileType = sourcecode.c.objc; path = "Movie+Info.m"; sourceTree = "<group>"; };
		C874004E15B43F4200DB90C7 /* Keys.plist */ = {isa = PBXFileReference; fileEncoding = 4; lastKnownFileType = text.plist.xml; path = Keys.plist; sourceTree = "<group>"; };
		C87ADF2E15B322770011B412 /* MovieInfoTVC.h */ = {isa = PBXFileReference; fileEncoding = 4; lastKnownFileType = sourcecode.c.h; path = MovieInfoTVC.h; sourceTree = "<group>"; };
		C87ADF2F15B322770011B412 /* MovieInfoTVC.m */ = {isa = PBXFileReference; fileEncoding = 4; lastKnownFileType = sourcecode.c.objc; path = MovieInfoTVC.m; sourceTree = "<group>"; };
		C888F00C15B419BF0063164C /* infoFormattedForArray.h */ = {isa = PBXFileReference; fileEncoding = 4; lastKnownFileType = sourcecode.c.h; path = infoFormattedForArray.h; sourceTree = "<group>"; };
		C888F00D15B419BF0063164C /* infoFormattedForArray.m */ = {isa = PBXFileReference; fileEncoding = 4; lastKnownFileType = sourcecode.c.objc; path = infoFormattedForArray.m; sourceTree = "<group>"; };
		C8995C3F15A7413C0000C909 /* IMG_1458.JPG */ = {isa = PBXFileReference; lastKnownFileType = image.jpeg; name = IMG_1458.JPG; path = LMovie/icons/IMG_1458.JPG; sourceTree = SOURCE_ROOT; };
		C8A4D2AD15DC1EE20082BFD4 /* SearchTVC.h */ = {isa = PBXFileReference; fileEncoding = 4; lastKnownFileType = sourcecode.c.h; name = SearchTVC.h; path = SearchTVC/SearchTVC.h; sourceTree = "<group>"; };
		C8A4D2AE15DC1EE20082BFD4 /* SearchTVC.m */ = {isa = PBXFileReference; fileEncoding = 4; lastKnownFileType = sourcecode.c.objc; name = SearchTVC.m; path = SearchTVC/SearchTVC.m; sourceTree = "<group>"; };
		C8A4D2B015DC27780082BFD4 /* EditableCellForMovieTVC.h */ = {isa = PBXFileReference; fileEncoding = 4; lastKnownFileType = sourcecode.c.h; path = EditableCellForMovieTVC.h; sourceTree = "<group>"; };
		C8A4D2B115DC27780082BFD4 /* EditableCellForMovieTVC.m */ = {isa = PBXFileReference; fileEncoding = 4; lastKnownFileType = sourcecode.c.objc; path = EditableCellForMovieTVC.m; sourceTree = "<group>"; };
		C8A4D2B415DC2A0C0082BFD4 /* MultipleChoices.plist */ = {isa = PBXFileReference; fileEncoding = 4; lastKnownFileType = text.plist.xml; path = MultipleChoices.plist; sourceTree = "<group>"; };
		C8BAD26515BEF88E00291D43 /* MovieEditorRateCellCell.h */ = {isa = PBXFileReference; fileEncoding = 4; lastKnownFileType = sourcecode.c.h; path = MovieEditorRateCellCell.h; sourceTree = "<group>"; };
		C8BAD26615BEF88E00291D43 /* MovieEditorRateCellCell.m */ = {isa = PBXFileReference; fileEncoding = 4; lastKnownFileType = sourcecode.c.objc; path = MovieEditorRateCellCell.m; sourceTree = "<group>"; };
		C8BAD26915BF057D00291D43 /* MovieEditorViewedCell.h */ = {isa = PBXFileReference; fileEncoding = 4; lastKnownFileType = sourcecode.c.h; path = MovieEditorViewedCell.h; sourceTree = "<group>"; };
		C8BAD26A15BF057D00291D43 /* MovieEditorViewedCell.m */ = {isa = PBXFileReference; fileEncoding = 4; lastKnownFileType = sourcecode.c.objc; path = MovieEditorViewedCell.m; sourceTree = "<group>"; };
		C8BB2E1115BDDBB5004E8CE2 /* RateView.h */ = {isa = PBXFileReference; fileEncoding = 4; lastKnownFileType = sourcecode.c.h; name = RateView.h; path = LMovie/RateView.h; sourceTree = "<group>"; };
		C8BB2E1215BDDBB5004E8CE2 /* RateView.m */ = {isa = PBXFileReference; fileEncoding = 4; lastKnownFileType = sourcecode.c.objc; name = RateView.m; path = LMovie/RateView.m; sourceTree = "<group>"; };
		C8BB2E1415BDE1EE004E8CE2 /* empty.jpg */ = {isa = PBXFileReference; lastKnownFileType = image.jpeg; name = empty.jpg; path = LMovie/icons/empty.jpg; sourceTree = SOURCE_ROOT; };
		C8BB2E1515BDE1EE004E8CE2 /* full.jpg */ = {isa = PBXFileReference; lastKnownFileType = image.jpeg; name = full.jpg; path = LMovie/icons/full.jpg; sourceTree = SOURCE_ROOT; };
		C8BB2E1615BDE1EE004E8CE2 /* middle.jpg */ = {isa = PBXFileReference; lastKnownFileType = image.jpeg; name = middle.jpg; path = LMovie/icons/middle.jpg; sourceTree = SOURCE_ROOT; };
		C8C42A5C15D0539D0006C59F /* RateViewCell.h */ = {isa = PBXFileReference; fileEncoding = 4; lastKnownFileType = sourcecode.c.h; path = RateViewCell.h; sourceTree = "<group>"; };
		C8C42A5D15D0539D0006C59F /* RateViewCell.m */ = {isa = PBXFileReference; fileEncoding = 4; lastKnownFileType = sourcecode.c.objc; path = RateViewCell.m; sourceTree = "<group>"; };
		C8C58F8C15B1C1F5005C921A /* emptyartwork_mini.jpg */ = {isa = PBXFileReference; lastKnownFileType = image.jpeg; name = emptyartwork_mini.jpg; path = LMovie/icons/emptyartwork_mini.jpg; sourceTree = SOURCE_ROOT; };
		C8D101D215E9061800212AFC /* TMDBMovie.h */ = {isa = PBXFileReference; fileEncoding = 4; lastKnownFileType = sourcecode.c.h; path = TMDBMovie.h; sourceTree = "<group>"; };
		C8D101D315E9061800212AFC /* TMDBMovie.m */ = {isa = PBXFileReference; fileEncoding = 4; lastKnownFileType = sourcecode.c.objc; path = TMDBMovie.m; sourceTree = "<group>"; };
		C8D476B315BC8A9D00556020 /* LMovie 2.xcdatamodel */ = {isa = PBXFileReference; lastKnownFileType = wrapper.xcdatamodel; path = "LMovie 2.xcdatamodel"; sourceTree = "<group>"; };
		C8DAD3ED15ACC1D6004BFCEA /* MovieEditorGeneralCell.h */ = {isa = PBXFileReference; fileEncoding = 4; lastKnownFileType = sourcecode.c.h; path = MovieEditorGeneralCell.h; sourceTree = "<group>"; };
		C8DAD3EE15ACC1D6004BFCEA /* MovieEditorGeneralCell.m */ = {isa = PBXFileReference; fileEncoding = 4; lastKnownFileType = sourcecode.c.objc; path = MovieEditorGeneralCell.m; sourceTree = "<group>"; };
		C8DAD3F015ACC5CA004BFCEA /* keyOrder.plist */ = {isa = PBXFileReference; fileEncoding = 4; lastKnownFileType = text.plist.xml; path = keyOrder.plist; sourceTree = "<group>"; };
		C8DE8BC615D4432D00B251B6 /* settings_icon@2x.png */ = {isa = PBXFileReference; lastKnownFileType = image.png; name = "settings_icon@2x.png"; path = "LMovie/icons/settings_icon@2x.png"; sourceTree = SOURCE_ROOT; };
		C8DE8BC915D4472C00B251B6 /* settings_icon.png */ = {isa = PBXFileReference; lastKnownFileType = image.png; name = settings_icon.png; path = LMovie/icons/settings_icon.png; sourceTree = SOURCE_ROOT; };
		C8DE8BCF15D44DF600B251B6 /* SettingTVC.h */ = {isa = PBXFileReference; fileEncoding = 4; lastKnownFileType = sourcecode.c.h; name = SettingTVC.h; path = Settings/SettingTVC.h; sourceTree = "<group>"; };
		C8DE8BD015D44DF600B251B6 /* SettingTVC.m */ = {isa = PBXFileReference; fileEncoding = 4; lastKnownFileType = sourcecode.c.objc; name = SettingTVC.m; path = Settings/SettingTVC.m; sourceTree = "<group>"; };
		C8F0D99A15A8AF2E00902094 /* MovieManager.m */ = {isa = PBXFileReference; lastKnownFileType = sourcecode.c.objc; path = MovieManager.m; sourceTree = "<group>"; };
		C8F200D915A247E600CBCD77 /* MovieViewController.h */ = {isa = PBXFileReference; fileEncoding = 4; lastKnownFileType = sourcecode.c.h; path = MovieViewController.h; sourceTree = "<group>"; };
		C8F200DA15A247E600CBCD77 /* MovieViewController.m */ = {isa = PBXFileReference; fileEncoding = 4; lastKnownFileType = sourcecode.c.objc; path = MovieViewController.m; sourceTree = "<group>"; };
		C8F30C0D15A210C7000AB421 /* LMovie.app */ = {isa = PBXFileReference; explicitFileType = wrapper.application; includeInIndex = 0; path = LMovie.app; sourceTree = BUILT_PRODUCTS_DIR; };
		C8F30C1115A210C7000AB421 /* UIKit.framework */ = {isa = PBXFileReference; lastKnownFileType = wrapper.framework; name = UIKit.framework; path = System/Library/Frameworks/UIKit.framework; sourceTree = SDKROOT; };
		C8F30C1315A210C7000AB421 /* Foundation.framework */ = {isa = PBXFileReference; lastKnownFileType = wrapper.framework; name = Foundation.framework; path = System/Library/Frameworks/Foundation.framework; sourceTree = SDKROOT; };
		C8F30C1515A210C7000AB421 /* CoreGraphics.framework */ = {isa = PBXFileReference; lastKnownFileType = wrapper.framework; name = CoreGraphics.framework; path = System/Library/Frameworks/CoreGraphics.framework; sourceTree = SDKROOT; };
		C8F30C1715A210C7000AB421 /* CoreData.framework */ = {isa = PBXFileReference; lastKnownFileType = wrapper.framework; name = CoreData.framework; path = System/Library/Frameworks/CoreData.framework; sourceTree = SDKROOT; };
		C8F30C1B15A210C7000AB421 /* LMovie-Info.plist */ = {isa = PBXFileReference; lastKnownFileType = text.plist.xml; path = "LMovie-Info.plist"; sourceTree = "<group>"; };
		C8F30C1D15A210C7000AB421 /* en */ = {isa = PBXFileReference; lastKnownFileType = text.plist.strings; name = en; path = en.lproj/InfoPlist.strings; sourceTree = "<group>"; };
		C8F30C1F15A210C7000AB421 /* main.m */ = {isa = PBXFileReference; lastKnownFileType = sourcecode.c.objc; path = main.m; sourceTree = "<group>"; };
		C8F30C2115A210C7000AB421 /* LMovie-Prefix.pch */ = {isa = PBXFileReference; lastKnownFileType = sourcecode.c.h; path = "LMovie-Prefix.pch"; sourceTree = "<group>"; };
		C8F30C2215A210C7000AB421 /* AppDelegate.h */ = {isa = PBXFileReference; lastKnownFileType = sourcecode.c.h; path = AppDelegate.h; sourceTree = "<group>"; };
		C8F30C2315A210C7000AB421 /* AppDelegate.m */ = {isa = PBXFileReference; lastKnownFileType = sourcecode.c.objc; path = AppDelegate.m; sourceTree = "<group>"; };
		C8F30C2615A210C7000AB421 /* en */ = {isa = PBXFileReference; lastKnownFileType = file.storyboard; name = en; path = en.lproj/MainStoryboard.storyboard; sourceTree = "<group>"; };
		C8F30C2915A210C7000AB421 /* LMovie.xcdatamodel */ = {isa = PBXFileReference; lastKnownFileType = wrapper.xcdatamodel; path = LMovie.xcdatamodel; sourceTree = "<group>"; };
		C8F30C2B15A210C7000AB421 /* MasterViewController.h */ = {isa = PBXFileReference; lastKnownFileType = sourcecode.c.h; path = MasterViewController.h; sourceTree = "<group>"; };
		C8F30C2C15A210C7000AB421 /* MasterViewController.m */ = {isa = PBXFileReference; lastKnownFileType = sourcecode.c.objc; path = MasterViewController.m; sourceTree = "<group>"; };
		C8F30C2E15A210C7000AB421 /* DetailViewController.h */ = {isa = PBXFileReference; lastKnownFileType = sourcecode.c.h; path = DetailViewController.h; sourceTree = "<group>"; };
		C8F30C2F15A210C7000AB421 /* DetailViewController.m */ = {isa = PBXFileReference; lastKnownFileType = sourcecode.c.objc; path = DetailViewController.m; sourceTree = "<group>"; };
		C8F30C5215A21C3C000AB421 /* MovieCellHorizontal.h */ = {isa = PBXFileReference; fileEncoding = 4; lastKnownFileType = sourcecode.c.h; path = MovieCellHorizontal.h; sourceTree = "<group>"; };
		C8F30C5315A21C3C000AB421 /* MovieCellHorizontal.m */ = {isa = PBXFileReference; fileEncoding = 4; lastKnownFileType = sourcecode.c.objc; path = MovieCellHorizontal.m; sourceTree = "<group>"; };
		C8F369EC15AB0B2E0024F2CD /* emptyartwork_big.jpg */ = {isa = PBXFileReference; lastKnownFileType = image.jpeg; name = emptyartwork_big.jpg; path = LMovie/icons/emptyartwork_big.jpg; sourceTree = SOURCE_ROOT; };
		C8F3C87115AF639A004D7A9E /* utilities.h */ = {isa = PBXFileReference; fileEncoding = 4; lastKnownFileType = sourcecode.c.h; path = utilities.h; sourceTree = "<group>"; };
		C8F3C87215AF639A004D7A9E /* utilities.m */ = {isa = PBXFileReference; explicitFileType = sourcecode.c.objc; fileEncoding = 4; path = utilities.m; sourceTree = "<group>"; };
		C8F9D2EF15A238A4007E01C9 /* MovieList.h */ = {isa = PBXFileReference; fileEncoding = 4; lastKnownFileType = sourcecode.c.h; path = MovieList.h; sourceTree = "<group>"; };
		C8F9D2F015A238A4007E01C9 /* MovieList.m */ = {isa = PBXFileReference; fileEncoding = 4; lastKnownFileType = sourcecode.c.objc; path = MovieList.m; sourceTree = "<group>"; };
		C8FDF6D415A89F9100289DAF /* MyMovie.h */ = {isa = PBXFileReference; fileEncoding = 4; lastKnownFileType = sourcecode.c.h; path = MyMovie.h; sourceTree = "<group>"; };
		C8FDF6D515A89F9100289DAF /* MyMovie.m */ = {isa = PBXFileReference; fileEncoding = 4; lastKnownFileType = sourcecode.c.objc; path = MyMovie.m; sourceTree = "<group>"; };
/* End PBXFileReference section */

/* Begin PBXFrameworksBuildPhase section */
		C8F30C0A15A210C7000AB421 /* Frameworks */ = {
			isa = PBXFrameworksBuildPhase;
			buildActionMask = 2147483647;
			files = (
				C8F30C1215A210C7000AB421 /* UIKit.framework in Frameworks */,
				C8F30C1415A210C7000AB421 /* Foundation.framework in Frameworks */,
				C8F30C1615A210C7000AB421 /* CoreGraphics.framework in Frameworks */,
				C8F30C1815A210C7000AB421 /* CoreData.framework in Frameworks */,
			);
			runOnlyForDeploymentPostprocessing = 0;
		};
/* End PBXFrameworksBuildPhase section */

/* Begin PBXGroup section */
		C8137B5A15E7D51100DAA7A5 /* TMDBSearchTVC */ = {
			isa = PBXGroup;
			children = (
				C8D101D215E9061800212AFC /* TMDBMovie.h */,
				C8D101D315E9061800212AFC /* TMDBMovie.m */,
				C8137B5B15E7DA0E00DAA7A5 /* TMDBSearchCell.h */,
				C8137B5C15E7DA0E00DAA7A5 /* TMDBSearchCell.m */,
				C8137B5615E7D50A00DAA7A5 /* TMDBSearchTVC.h */,
				C8137B5715E7D50A00DAA7A5 /* TMDBSearchTVC.m */,
			);
			name = TMDBSearchTVC;
			sourceTree = "<group>";
		};
		C8252E7B15ACAF9000DF0F96 /* MovieEditorCell */ = {
			isa = PBXGroup;
			children = (
				C8BAD26915BF057D00291D43 /* MovieEditorViewedCell.h */,
				C8BAD26A15BF057D00291D43 /* MovieEditorViewedCell.m */,
				C8DAD3F015ACC5CA004BFCEA /* keyOrder.plist */,
				C8DAD3ED15ACC1D6004BFCEA /* MovieEditorGeneralCell.h */,
				C8DAD3EE15ACC1D6004BFCEA /* MovieEditorGeneralCell.m */,
				C8252E7815ACAEE800DF0F96 /* MovieEditorPictureCell.h */,
				C8252E7915ACAEE800DF0F96 /* MovieEditorPictureCell.m */,
			);
			name = MovieEditorCell;
			sourceTree = "<group>";
		};
		C846114615AD895F005A2D6C /* Utilities */ = {
			isa = PBXGroup;
			children = (
				C856B7BF15F38EA9006C746F /* NSMutableDictionary+LMMutableDictionary.h */,
				C856B7C015F38EA9006C746F /* NSMutableDictionary+LMMutableDictionary.m */,
				C8F3C87115AF639A004D7A9E /* utilities.h */,
				C8F3C87215AF639A004D7A9E /* utilities.m */,
			);
			name = Utilities;
			sourceTree = "<group>";
		};
		C8559D5A15DAB4BA0027B75E /* MBProgressHub */ = {
			isa = PBXGroup;
			children = (
				C8559D5615DAB4B10027B75E /* MBProgressHUD.h */,
				C8559D5715DAB4B10027B75E /* MBProgressHUD.m */,
				C8559D5E15DAC8220027B75E /* README.pdf */,
			);
			name = MBProgressHub;
			path = LMovie;
			sourceTree = "<group>";
		};
		C8559D5B15DAB4CA0027B75E /* External Classes */ = {
			isa = PBXGroup;
			children = (
				C8559D5A15DAB4BA0027B75E /* MBProgressHub */,
				C8BB2E0E15BDDAEE004E8CE2 /* RateView */,
			);
			name = "External Classes";
			sourceTree = "<group>";
		};
		C86F0B7B15B2DF1800B31602 /* segue et cie */ = {
			isa = PBXGroup;
			children = (
				C86F0B7F15B2E84200B31602 /* BarButtonBlocks.h */,
				C86F0B8015B2E84200B31602 /* BarButtonBlocks.m */,
				C86F0B7415B2CFDF00B31602 /* PanelSegue.h */,
				C86F0B7515B2CFDF00B31602 /* PanelSegue.m */,
			);
			name = "segue et cie";
			sourceTree = "<group>";
		};
		C872841815A74D1D0028D6D7 /* CoreData */ = {
			isa = PBXGroup;
			children = (
				C8A4D2B415DC2A0C0082BFD4 /* MultipleChoices.plist */,
				C874004E15B43F4200DB90C7 /* Keys.plist */,
				C872841915A74D560028D6D7 /* MovieManager.h */,
				C8F0D99A15A8AF2E00902094 /* MovieManager.m */,
				C8FDF6D415A89F9100289DAF /* MyMovie.h */,
				C8FDF6D515A89F9100289DAF /* MyMovie.m */,
				C8F30C2815A210C7000AB421 /* LMovie.xcdatamodeld */,
				C85AF26D15E663B40007B73C /* migration.xcmappingmodel */,
				C84F427015D8194900ECC2E3 /* Movie.h */,
				C84F427115D8194900ECC2E3 /* Movie.m */,
				C874004B15B43F0A00DB90C7 /* Movie+Info.h */,
				C874004C15B43F0A00DB90C7 /* Movie+Info.m */,
				C846114615AD895F005A2D6C /* Utilities */,
			);
			name = CoreData;
			sourceTree = "<group>";
		};
		C87ADF3215B322850011B412 /* pourri */ = {
			isa = PBXGroup;
			children = (
				C8BAD26515BEF88E00291D43 /* MovieEditorRateCellCell.h */,
				C8BAD26615BEF88E00291D43 /* MovieEditorRateCellCell.m */,
				C8F369E815AAE9140024F2CD /* inutile */,
				C86F0B7B15B2DF1800B31602 /* segue et cie */,
				C866301C15A9B64800D0723F /* infoView.xib */,
				C86F0B8415B317BD00B31602 /* infoViewGeneralCell.xib */,
				C866301F15A9B78900D0723F /* infoViewPanel.h */,
				C866302015A9B78900D0723F /* infoViewPanel.m */,
			);
			name = pourri;
			sourceTree = "<group>";
		};
		C888F01015B419C60063164C /* MovieInfoTVC */ = {
			isa = PBXGroup;
			children = (
				C87ADF2E15B322770011B412 /* MovieInfoTVC.h */,
				C87ADF2F15B322770011B412 /* MovieInfoTVC.m */,
				C81F60C915B49022000703EF /* SeguePopoverMovieInfoTVC.h */,
				C81F60CA15B49022000703EF /* SeguePopoverMovieInfoTVC.m */,
				C888F00C15B419BF0063164C /* infoFormattedForArray.h */,
				C888F00D15B419BF0063164C /* infoFormattedForArray.m */,
			);
			name = MovieInfoTVC;
			sourceTree = "<group>";
		};
		C888F01115B419FF0063164C /* Images */ = {
			isa = PBXGroup;
			children = (
				C8DE8BC915D4472C00B251B6 /* settings_icon.png */,
				C8DE8BC615D4432D00B251B6 /* settings_icon@2x.png */,
				C8BB2E1415BDE1EE004E8CE2 /* empty.jpg */,
				C8BB2E1515BDE1EE004E8CE2 /* full.jpg */,
				C8BB2E1615BDE1EE004E8CE2 /* middle.jpg */,
				C8995C3F15A7413C0000C909 /* IMG_1458.JPG */,
				C8F369EC15AB0B2E0024F2CD /* emptyartwork_big.jpg */,
				C8C58F8C15B1C1F5005C921A /* emptyartwork_mini.jpg */,
			);
			name = Images;
			sourceTree = "<group>";
		};
		C888F01215B41A250063164C /* MovieViewControllerCell */ = {
			isa = PBXGroup;
			children = (
				C8F30C5215A21C3C000AB421 /* MovieCellHorizontal.h */,
				C8F30C5315A21C3C000AB421 /* MovieCellHorizontal.m */,
			);
			name = MovieViewControllerCell;
			sourceTree = "<group>";
		};
		C8A4D2AC15DC1EB00082BFD4 /* SearchTVC */ = {
			isa = PBXGroup;
			children = (
				C8A4D2AD15DC1EE20082BFD4 /* SearchTVC.h */,
				C8A4D2AE15DC1EE20082BFD4 /* SearchTVC.m */,
			);
			name = SearchTVC;
			sourceTree = "<group>";
		};
		C8A4D2B315DC27810082BFD4 /* EditableCell */ = {
			isa = PBXGroup;
			children = (
				C8A4D2B015DC27780082BFD4 /* EditableCellForMovieTVC.h */,
				C8A4D2B115DC27780082BFD4 /* EditableCellForMovieTVC.m */,
			);
			name = EditableCell;
			sourceTree = "<group>";
		};
		C8BB2E0E15BDDAEE004E8CE2 /* RateView */ = {
			isa = PBXGroup;
			children = (
				C8BB2E1115BDDBB5004E8CE2 /* RateView.h */,
				C8BB2E1215BDDBB5004E8CE2 /* RateView.m */,
			);
			name = RateView;
			sourceTree = "<group>";
		};
		C8C42A5915D049800006C59F /* MovieEditorTVC */ = {
			isa = PBXGroup;
			children = (
				C846114915AD8AAB005A2D6C /* MovieEditorDelegate.h */,
				C8252E7415AC93F900DF0F96 /* MovieEditorTVC.h */,
				C8252E7515AC93F900DF0F96 /* MovieEditorTVC.m */,
			);
			name = MovieEditorTVC;
			sourceTree = "<group>";
		};
		C8C42A5B15D049950006C59F /* Main VC */ = {
			isa = PBXGroup;
			children = (
				C8F200D915A247E600CBCD77 /* MovieViewController.h */,
				C8F200DA15A247E600CBCD77 /* MovieViewController.m */,
			);
			name = "Main VC";
			sourceTree = "<group>";
		};
		C8DE8BCE15D44B1900B251B6 /* SettingTVC */ = {
			isa = PBXGroup;
			children = (
				C8DE8BCF15D44DF600B251B6 /* SettingTVC.h */,
				C8DE8BD015D44DF600B251B6 /* SettingTVC.m */,
			);
			name = SettingTVC;
			sourceTree = "<group>";
		};
		C8F30C0215A210C6000AB421 = {
			isa = PBXGroup;
			children = (
				C8559D5B15DAB4CA0027B75E /* External Classes */,
				C8F30C1915A210C7000AB421 /* LMovie */,
				C8F30C1015A210C7000AB421 /* Frameworks */,
				C8F30C0E15A210C7000AB421 /* Products */,
				C8F30C6915A22260000AB421 /* old */,
			);
			sourceTree = "<group>";
		};
		C8F30C0E15A210C7000AB421 /* Products */ = {
			isa = PBXGroup;
			children = (
				C8F30C0D15A210C7000AB421 /* LMovie.app */,
			);
			name = Products;
			sourceTree = "<group>";
		};
		C8F30C1015A210C7000AB421 /* Frameworks */ = {
			isa = PBXGroup;
			children = (
				C8F30C1115A210C7000AB421 /* UIKit.framework */,
				C8F30C1315A210C7000AB421 /* Foundation.framework */,
				C8F30C1515A210C7000AB421 /* CoreGraphics.framework */,
				C8F30C1715A210C7000AB421 /* CoreData.framework */,
			);
			name = Frameworks;
			sourceTree = "<group>";
		};
		C8F30C1915A210C7000AB421 /* LMovie */ = {
			isa = PBXGroup;
			children = (
				C888F01115B419FF0063164C /* Images */,
				C87ADF3215B322850011B412 /* pourri */,
				C8F369E715AAE8EE0024F2CD /* original */,
				C8F30C2515A210C7000AB421 /* MainStoryboard.storyboard */,
				C8137B5A15E7D51100DAA7A5 /* TMDBSearchTVC */,
				C8A4D2AC15DC1EB00082BFD4 /* SearchTVC */,
				C8A4D2B315DC27810082BFD4 /* EditableCell */,
				C8DE8BCE15D44B1900B251B6 /* SettingTVC */,
				C888F01015B419C60063164C /* MovieInfoTVC */,
				C8C42A5915D049800006C59F /* MovieEditorTVC */,
				C8C42A5B15D049950006C59F /* Main VC */,
				C824DBD815BC1A890041B0D8 /* File.rtf */,
				C8F30C5515A21C42000AB421 /* Cell */,
				C872841815A74D1D0028D6D7 /* CoreData */,
				C8F30C1A15A210C7000AB421 /* Supporting Files */,
			);
			path = LMovie;
			sourceTree = "<group>";
		};
		C8F30C1A15A210C7000AB421 /* Supporting Files */ = {
			isa = PBXGroup;
			children = (
				C8F30C2215A210C7000AB421 /* AppDelegate.h */,
				C8F30C2315A210C7000AB421 /* AppDelegate.m */,
				C8F30C1B15A210C7000AB421 /* LMovie-Info.plist */,
				C8F30C1C15A210C7000AB421 /* InfoPlist.strings */,
				C8F30C1F15A210C7000AB421 /* main.m */,
				C8F30C2115A210C7000AB421 /* LMovie-Prefix.pch */,
			);
			name = "Supporting Files";
			sourceTree = "<group>";
		};
		C8F30C5515A21C42000AB421 /* Cell */ = {
			isa = PBXGroup;
			children = (
				C8C42A5C15D0539D0006C59F /* RateViewCell.h */,
				C8C42A5D15D0539D0006C59F /* RateViewCell.m */,
				C8252E7B15ACAF9000DF0F96 /* MovieEditorCell */,
				C888F01215B41A250063164C /* MovieViewControllerCell */,
			);
			name = Cell;
			sourceTree = "<group>";
		};
		C8F30C6915A22260000AB421 /* old */ = {
			isa = PBXGroup;
			children = (
			);
			name = old;
			path = LMovie;
			sourceTree = "<group>";
		};
		C8F369E715AAE8EE0024F2CD /* original */ = {
			isa = PBXGroup;
			children = (
				C8F30C2E15A210C7000AB421 /* DetailViewController.h */,
				C8F30C2F15A210C7000AB421 /* DetailViewController.m */,
				C8F30C2B15A210C7000AB421 /* MasterViewController.h */,
				C8F30C2C15A210C7000AB421 /* MasterViewController.m */,
			);
			name = original;
			sourceTree = "<group>";
		};
		C8F369E815AAE9140024F2CD /* inutile */ = {
			isa = PBXGroup;
			children = (
				C8F9D2EF15A238A4007E01C9 /* MovieList.h */,
				C8F9D2F015A238A4007E01C9 /* MovieList.m */,
			);
			name = inutile;
			sourceTree = "<group>";
		};
/* End PBXGroup section */

/* Begin PBXNativeTarget section */
		C8F30C0C15A210C7000AB421 /* LMovie */ = {
			isa = PBXNativeTarget;
			buildConfigurationList = C8F30C3315A210C7000AB421 /* Build configuration list for PBXNativeTarget "LMovie" */;
			buildPhases = (
				C8F30C0915A210C7000AB421 /* Sources */,
				C8F30C0A15A210C7000AB421 /* Frameworks */,
				C8F30C0B15A210C7000AB421 /* Resources */,
			);
			buildRules = (
			);
			dependencies = (
			);
			name = LMovie;
			productName = LMovie;
			productReference = C8F30C0D15A210C7000AB421 /* LMovie.app */;
			productType = "com.apple.product-type.application";
		};
/* End PBXNativeTarget section */

/* Begin PBXProject section */
		C8F30C0415A210C6000AB421 /* Project object */ = {
			isa = PBXProject;
			attributes = {
				LastUpgradeCheck = 0430;
			};
			buildConfigurationList = C8F30C0715A210C6000AB421 /* Build configuration list for PBXProject "LMovie" */;
			compatibilityVersion = "Xcode 3.2";
			developmentRegion = English;
			hasScannedForEncodings = 0;
			knownRegions = (
				en,
				fr,
			);
			mainGroup = C8F30C0215A210C6000AB421;
			productRefGroup = C8F30C0E15A210C7000AB421 /* Products */;
			projectDirPath = "";
			projectRoot = "";
			targets = (
				C8F30C0C15A210C7000AB421 /* LMovie */,
			);
		};
/* End PBXProject section */

/* Begin PBXResourcesBuildPhase section */
		C8F30C0B15A210C7000AB421 /* Resources */ = {
			isa = PBXResourcesBuildPhase;
			buildActionMask = 2147483647;
			files = (
				C8F30C1E15A210C7000AB421 /* InfoPlist.strings in Resources */,
				C8F30C2715A210C7000AB421 /* MainStoryboard.storyboard in Resources */,
				C8995C4015A7413C0000C909 /* IMG_1458.JPG in Resources */,
				C866301D15A9B64900D0723F /* infoView.xib in Resources */,
				C8F369ED15AB0B2E0024F2CD /* emptyartwork_big.jpg in Resources */,
				C8DAD3F115ACC5CA004BFCEA /* keyOrder.plist in Resources */,
				C8C58F8E15B1C1F6005C921A /* emptyartwork_mini.jpg in Resources */,
				C86F0B8515B317BE00B31602 /* infoViewGeneralCell.xib in Resources */,
				C874004F15B43F4200DB90C7 /* Keys.plist in Resources */,
				C824DBD915BC1A890041B0D8 /* File.rtf in Resources */,
				C8BB2E1715BDE1EE004E8CE2 /* empty.jpg in Resources */,
				C8BB2E1815BDE1EE004E8CE2 /* full.jpg in Resources */,
				C8BB2E1915BDE1EE004E8CE2 /* middle.jpg in Resources */,
				C8DE8BC815D4432D00B251B6 /* settings_icon@2x.png in Resources */,
				C8DE8BCA15D4472C00B251B6 /* settings_icon.png in Resources */,
				C8559D5F15DAC8220027B75E /* README.pdf in Resources */,
				C8A4D2B515DC2A0C0082BFD4 /* MultipleChoices.plist in Resources */,
			);
			runOnlyForDeploymentPostprocessing = 0;
		};
/* End PBXResourcesBuildPhase section */

/* Begin PBXSourcesBuildPhase section */
		C8F30C0915A210C7000AB421 /* Sources */ = {
			isa = PBXSourcesBuildPhase;
			buildActionMask = 2147483647;
			files = (
				C8F30C2015A210C7000AB421 /* main.m in Sources */,
				C8F30C2415A210C7000AB421 /* AppDelegate.m in Sources */,
				C8F30C2A15A210C7000AB421 /* LMovie.xcdatamodeld in Sources */,
				C8F30C2D15A210C7000AB421 /* MasterViewController.m in Sources */,
				C8F30C3015A210C7000AB421 /* DetailViewController.m in Sources */,
				C8F30C5415A21C3C000AB421 /* MovieCellHorizontal.m in Sources */,
				C8F9D2F115A238A4007E01C9 /* MovieList.m in Sources */,
				C8F200DB15A247E600CBCD77 /* MovieViewController.m in Sources */,
				C8F0D99915A8AF2E00902094 /* MovieManager.m in Sources */,
				C8FDF6D615A89F9100289DAF /* MyMovie.m in Sources */,
				C866302115A9B78900D0723F /* infoViewPanel.m in Sources */,
				C8252E7615AC93F900DF0F96 /* MovieEditorTVC.m in Sources */,
				C8252E7A15ACAEE800DF0F96 /* MovieEditorPictureCell.m in Sources */,
				C8DAD3EF15ACC1D7004BFCEA /* MovieEditorGeneralCell.m in Sources */,
				C8F3C87315AF639A004D7A9E /* utilities.m in Sources */,
				C86F0B7615B2CFDF00B31602 /* PanelSegue.m in Sources */,
				C86F0B8115B2E84200B31602 /* BarButtonBlocks.m in Sources */,
				C87ADF3015B322770011B412 /* MovieInfoTVC.m in Sources */,
				C888F00E15B419BF0063164C /* infoFormattedForArray.m in Sources */,
				C874004D15B43F0A00DB90C7 /* Movie+Info.m in Sources */,
				C81F60CB15B49022000703EF /* SeguePopoverMovieInfoTVC.m in Sources */,
				C8BB2E1315BDDBB5004E8CE2 /* RateView.m in Sources */,
				C8BAD26715BEF88E00291D43 /* MovieEditorRateCellCell.m in Sources */,
				C8BAD26B15BF057D00291D43 /* MovieEditorViewedCell.m in Sources */,
				C8C42A5E15D0539D0006C59F /* RateViewCell.m in Sources */,
				C8DE8BD115D44DF600B251B6 /* SettingTVC.m in Sources */,
				C84F427215D8194900ECC2E3 /* Movie.m in Sources */,
				C8559D5815DAB4B10027B75E /* MBProgressHUD.m in Sources */,
				C8A4D2AF15DC1EE20082BFD4 /* SearchTVC.m in Sources */,
				C8A4D2B215DC27780082BFD4 /* EditableCellForMovieTVC.m in Sources */,
				C85AF26E15E663B40007B73C /* migration.xcmappingmodel in Sources */,
				C8137B5815E7D50A00DAA7A5 /* TMDBSearchTVC.m in Sources */,
				C8137B5D15E7DA0E00DAA7A5 /* TMDBSearchCell.m in Sources */,
				C8D101D415E9061800212AFC /* TMDBMovie.m in Sources */,
				C856B7C115F38EA9006C746F /* NSMutableDictionary+LMMutableDictionary.m in Sources */,
			);
			runOnlyForDeploymentPostprocessing = 0;
		};
/* End PBXSourcesBuildPhase section */

/* Begin PBXVariantGroup section */
		C8F30C1C15A210C7000AB421 /* InfoPlist.strings */ = {
			isa = PBXVariantGroup;
			children = (
				C8F30C1D15A210C7000AB421 /* en */,
			);
			name = InfoPlist.strings;
			sourceTree = "<group>";
		};
		C8F30C2515A210C7000AB421 /* MainStoryboard.storyboard */ = {
			isa = PBXVariantGroup;
			children = (
				C8F30C2615A210C7000AB421 /* en */,
			);
			name = MainStoryboard.storyboard;
			sourceTree = "<group>";
		};
/* End PBXVariantGroup section */

/* Begin XCBuildConfiguration section */
		C8F30C3115A210C7000AB421 /* Debug */ = {
			isa = XCBuildConfiguration;
			buildSettings = {
				ALWAYS_SEARCH_USER_PATHS = NO;
				ARCHS = "$(ARCHS_STANDARD_32_BIT)";
				CLANG_ENABLE_OBJC_ARC = YES;
				"CODE_SIGN_IDENTITY[sdk=iphoneos*]" = "iPhone Developer";
				COPY_PHASE_STRIP = NO;
				GCC_C_LANGUAGE_STANDARD = gnu99;
				GCC_DYNAMIC_NO_PIC = NO;
				GCC_OPTIMIZATION_LEVEL = 0;
				GCC_PREPROCESSOR_DEFINITIONS = (
					"DEBUG=1",
					"$(inherited)",
				);
				GCC_SYMBOLS_PRIVATE_EXTERN = NO;
				GCC_VERSION = com.apple.compilers.llvm.clang.1_0;
				GCC_WARN_ABOUT_RETURN_TYPE = YES;
				GCC_WARN_UNINITIALIZED_AUTOS = YES;
				GCC_WARN_UNUSED_VARIABLE = YES;
				IPHONEOS_DEPLOYMENT_TARGET = 5.1;
				SDKROOT = iphoneos;
				TARGETED_DEVICE_FAMILY = 2;
			};
			name = Debug;
		};
		C8F30C3215A210C7000AB421 /* Release */ = {
			isa = XCBuildConfiguration;
			buildSettings = {
				ALWAYS_SEARCH_USER_PATHS = NO;
				ARCHS = "$(ARCHS_STANDARD_32_BIT)";
				CLANG_ENABLE_OBJC_ARC = YES;
				"CODE_SIGN_IDENTITY[sdk=iphoneos*]" = "iPhone Developer";
				COPY_PHASE_STRIP = YES;
				GCC_C_LANGUAGE_STANDARD = gnu99;
				GCC_VERSION = com.apple.compilers.llvm.clang.1_0;
				GCC_WARN_ABOUT_RETURN_TYPE = YES;
				GCC_WARN_UNINITIALIZED_AUTOS = YES;
				GCC_WARN_UNUSED_VARIABLE = YES;
				IPHONEOS_DEPLOYMENT_TARGET = 5.1;
				OTHER_CFLAGS = "-DNS_BLOCK_ASSERTIONS=1";
				SDKROOT = iphoneos;
				TARGETED_DEVICE_FAMILY = 2;
				VALIDATE_PRODUCT = YES;
			};
			name = Release;
		};
		C8F30C3415A210C7000AB421 /* Debug */ = {
			isa = XCBuildConfiguration;
			buildSettings = {
				GCC_PRECOMPILE_PREFIX_HEADER = YES;
				GCC_PREFIX_HEADER = "LMovie/LMovie-Prefix.pch";
				INFOPLIST_FILE = "LMovie/LMovie-Info.plist";
				PRODUCT_NAME = "$(TARGET_NAME)";
				WRAPPER_EXTENSION = app;
			};
			name = Debug;
		};
		C8F30C3515A210C7000AB421 /* Release */ = {
			isa = XCBuildConfiguration;
			buildSettings = {
				GCC_PRECOMPILE_PREFIX_HEADER = YES;
				GCC_PREFIX_HEADER = "LMovie/LMovie-Prefix.pch";
				INFOPLIST_FILE = "LMovie/LMovie-Info.plist";
				PRODUCT_NAME = "$(TARGET_NAME)";
				WRAPPER_EXTENSION = app;
			};
			name = Release;
		};
/* End XCBuildConfiguration section */

/* Begin XCConfigurationList section */
		C8F30C0715A210C6000AB421 /* Build configuration list for PBXProject "LMovie" */ = {
			isa = XCConfigurationList;
			buildConfigurations = (
				C8F30C3115A210C7000AB421 /* Debug */,
				C8F30C3215A210C7000AB421 /* Release */,
			);
			defaultConfigurationIsVisible = 0;
			defaultConfigurationName = Release;
		};
		C8F30C3315A210C7000AB421 /* Build configuration list for PBXNativeTarget "LMovie" */ = {
			isa = XCConfigurationList;
			buildConfigurations = (
				C8F30C3415A210C7000AB421 /* Debug */,
				C8F30C3515A210C7000AB421 /* Release */,
			);
			defaultConfigurationIsVisible = 0;
			defaultConfigurationName = Release;
		};
/* End XCConfigurationList section */

/* Begin XCVersionGroup section */
		C8F30C2815A210C7000AB421 /* LMovie.xcdatamodeld */ = {
			isa = XCVersionGroup;
			children = (
				C85AF26B15E663770007B73C /* LMovie 5.xcdatamodel */,
				C84F426E15D807EE00ECC2E3 /* LMovie 4.xcdatamodel */,
				C872C24015CD2939008C7D5B /* LMovie 3.xcdatamodel */,
				C8D476B315BC8A9D00556020 /* LMovie 2.xcdatamodel */,
				C8F30C2915A210C7000AB421 /* LMovie.xcdatamodel */,
			);
			currentVersion = C85AF26B15E663770007B73C /* LMovie 5.xcdatamodel */;
			path = LMovie.xcdatamodeld;
			sourceTree = "<group>";
			versionGroupType = wrapper.xcdatamodel;
		};
/* End XCVersionGroup section */
	};
	rootObject = C8F30C0415A210C6000AB421 /* Project object */;
}
