// !$*UTF8*$!
{
	archiveVersion = 1;
	classes = {
	};
	objectVersion = 46;
	objects = {

/* Begin PBXBuildFile section */
		C8F30C1215A210C7000AB421 /* UIKit.framework in Frameworks */ = {isa = PBXBuildFile; fileRef = C8F30C1115A210C7000AB421 /* UIKit.framework */; };
		C8F30C1415A210C7000AB421 /* Foundation.framework in Frameworks */ = {isa = PBXBuildFile; fileRef = C8F30C1315A210C7000AB421 /* Foundation.framework */; };
		C8F30C1615A210C7000AB421 /* CoreGraphics.framework in Frameworks */ = {isa = PBXBuildFile; fileRef = C8F30C1515A210C7000AB421 /* CoreGraphics.framework */; };
		C8F30C1815A210C7000AB421 /* CoreData.framework in Frameworks */ = {isa = PBXBuildFile; fileRef = C8F30C1715A210C7000AB421 /* CoreData.framework */; };
		C8F30C1E15A210C7000AB421 /* InfoPlist.strings in Resources */ = {isa = PBXBuildFile; fileRef = C8F30C1C15A210C7000AB421 /* InfoPlist.strings */; };
		C8F30C2015A210C7000AB421 /* main.m in Sources */ = {isa = PBXBuildFile; fileRef = C8F30C1F15A210C7000AB421 /* main.m */; };
		C8F30C2415A210C7000AB421 /* AppDelegate.m in Sources */ = {isa = PBXBuildFile; fileRef = C8F30C2315A210C7000AB421 /* AppDelegate.m */; };
		C8F30C2715A210C7000AB421 /* MainStoryboard.storyboard in Resources */ = {isa = PBXBuildFile; fileRef = C8F30C2515A210C7000AB421 /* MainStoryboard.storyboard */; };
		C8F30C2A15A210C7000AB421 /* LMovie.xcdatamodeld in Sources */ = {isa = PBXBuildFile; fileRef = C8F30C2815A210C7000AB421 /* LMovie.xcdatamodeld */; };
		C8F30C2D15A210C7000AB421 /* MasterViewController.m in Sources */ = {isa = PBXBuildFile; fileRef = C8F30C2C15A210C7000AB421 /* MasterViewController.m */; };
		C8F30C3015A210C7000AB421 /* DetailViewController.m in Sources */ = {isa = PBXBuildFile; fileRef = C8F30C2F15A210C7000AB421 /* DetailViewController.m */; };
		C8F30C4215A213A1000AB421 /* MovieInfoMVC.m in Sources */ = {isa = PBXBuildFile; fileRef = C8F30C4115A213A1000AB421 /* MovieInfoMVC.m */; };
		C8F30C5115A21733000AB421 /* MovieCellHorizontal.xib in Resources */ = {isa = PBXBuildFile; fileRef = C8F30C5015A21733000AB421 /* MovieCellHorizontal.xib */; };
		C8F30C5415A21C3C000AB421 /* MovieCellHorizontal.m in Sources */ = {isa = PBXBuildFile; fileRef = C8F30C5315A21C3C000AB421 /* MovieCellHorizontal.m */; };
		C8F30C6715A22056000AB421 /* MovieListDVC.m in Sources */ = {isa = PBXBuildFile; fileRef = C8F30C6615A22056000AB421 /* MovieListDVC.m */; };
/* End PBXBuildFile section */

/* Begin PBXFileReference section */
		C8F30C0D15A210C7000AB421 /* LMovie.app */ = {isa = PBXFileReference; explicitFileType = wrapper.application; includeInIndex = 0; path = LMovie.app; sourceTree = BUILT_PRODUCTS_DIR; };
		C8F30C1115A210C7000AB421 /* UIKit.framework */ = {isa = PBXFileReference; lastKnownFileType = wrapper.framework; name = UIKit.framework; path = System/Library/Frameworks/UIKit.framework; sourceTree = SDKROOT; };
		C8F30C1315A210C7000AB421 /* Foundation.framework */ = {isa = PBXFileReference; lastKnownFileType = wrapper.framework; name = Foundation.framework; path = System/Library/Frameworks/Foundation.framework; sourceTree = SDKROOT; };
		C8F30C1515A210C7000AB421 /* CoreGraphics.framework */ = {isa = PBXFileReference; lastKnownFileType = wrapper.framework; name = CoreGraphics.framework; path = System/Library/Frameworks/CoreGraphics.framework; sourceTree = SDKROOT; };
		C8F30C1715A210C7000AB421 /* CoreData.framework */ = {isa = PBXFileReference; lastKnownFileType = wrapper.framework; name = CoreData.framework; path = System/Library/Frameworks/CoreData.framework; sourceTree = SDKROOT; };
		C8F30C1B15A210C7000AB421 /* LMovie-Info.plist */ = {isa = PBXFileReference; lastKnownFileType = text.plist.xml; path = "LMovie-Info.plist"; sourceTree = "<group>"; };
		C8F30C1D15A210C7000AB421 /* en */ = {isa = PBXFileReference; lastKnownFileType = text.plist.strings; name = en; path = en.lproj/InfoPlist.strings; sourceTree = "<group>"; };
		C8F30C1F15A210C7000AB421 /* main.m */ = {isa = PBXFileReference; lastKnownFileType = sourcecode.c.objc; path = main.m; sourceTree = "<group>"; };
		C8F30C2115A210C7000AB421 /* LMovie-Prefix.pch */ = {isa = PBXFileReference; lastKnownFileType = sourcecode.c.h; path = "LMovie-Prefix.pch"; sourceTree = "<group>"; };
		C8F30C2215A210C7000AB421 /* AppDelegate.h */ = {isa = PBXFileReference; lastKnownFileType = sourcecode.c.h; path = AppDelegate.h; sourceTree = "<group>"; };
		C8F30C2315A210C7000AB421 /* AppDelegate.m */ = {isa = PBXFileReference; lastKnownFileType = sourcecode.c.objc; path = AppDelegate.m; sourceTree = "<group>"; };
		C8F30C2615A210C7000AB421 /* en */ = {isa = PBXFileReference; lastKnownFileType = file.storyboard; name = en; path = en.lproj/MainStoryboard.storyboard; sourceTree = "<group>"; };
		C8F30C2915A210C7000AB421 /* LMovie.xcdatamodel */ = {isa = PBXFileReference; lastKnownFileType = wrapper.xcdatamodel; path = LMovie.xcdatamodel; sourceTree = "<group>"; };
		C8F30C2B15A210C7000AB421 /* MasterViewController.h */ = {isa = PBXFileReference; lastKnownFileType = sourcecode.c.h; path = MasterViewController.h; sourceTree = "<group>"; };
		C8F30C2C15A210C7000AB421 /* MasterViewController.m */ = {isa = PBXFileReference; lastKnownFileType = sourcecode.c.objc; path = MasterViewController.m; sourceTree = "<group>"; };
		C8F30C2E15A210C7000AB421 /* DetailViewController.h */ = {isa = PBXFileReference; lastKnownFileType = sourcecode.c.h; path = DetailViewController.h; sourceTree = "<group>"; };
		C8F30C2F15A210C7000AB421 /* DetailViewController.m */ = {isa = PBXFileReference; lastKnownFileType = sourcecode.c.objc; path = DetailViewController.m; sourceTree = "<group>"; };
		C8F30C4015A213A1000AB421 /* MovieInfoMVC.h */ = {isa = PBXFileReference; fileEncoding = 4; lastKnownFileType = sourcecode.c.h; path = MovieInfoMVC.h; sourceTree = "<group>"; };
		C8F30C4115A213A1000AB421 /* MovieInfoMVC.m */ = {isa = PBXFileReference; fileEncoding = 4; lastKnownFileType = sourcecode.c.objc; path = MovieInfoMVC.m; sourceTree = "<group>"; };
		C8F30C5015A21733000AB421 /* MovieCellHorizontal.xib */ = {isa = PBXFileReference; fileEncoding = 4; lastKnownFileType = file.xib; path = MovieCellHorizontal.xib; sourceTree = "<group>"; };
		C8F30C5215A21C3C000AB421 /* MovieCellHorizontal.h */ = {isa = PBXFileReference; fileEncoding = 4; lastKnownFileType = sourcecode.c.h; path = MovieCellHorizontal.h; sourceTree = "<group>"; };
		C8F30C5315A21C3C000AB421 /* MovieCellHorizontal.m */ = {isa = PBXFileReference; fileEncoding = 4; lastKnownFileType = sourcecode.c.objc; path = MovieCellHorizontal.m; sourceTree = "<group>"; };
		C8F30C6515A22056000AB421 /* MovieListDVC.h */ = {isa = PBXFileReference; fileEncoding = 4; lastKnownFileType = sourcecode.c.h; path = MovieListDVC.h; sourceTree = "<group>"; };
		C8F30C6615A22056000AB421 /* MovieListDVC.m */ = {isa = PBXFileReference; fileEncoding = 4; lastKnownFileType = sourcecode.c.objc; path = MovieListDVC.m; sourceTree = "<group>"; };
/* End PBXFileReference section */

/* Begin PBXFrameworksBuildPhase section */
		C8F30C0A15A210C7000AB421 /* Frameworks */ = {
			isa = PBXFrameworksBuildPhase;
			buildActionMask = 2147483647;
			files = (
				C8F30C1215A210C7000AB421 /* UIKit.framework in Frameworks */,
				C8F30C1415A210C7000AB421 /* Foundation.framework in Frameworks */,
				C8F30C1615A210C7000AB421 /* CoreGraphics.framework in Frameworks */,
				C8F30C1815A210C7000AB421 /* CoreData.framework in Frameworks */,
			);
			runOnlyForDeploymentPostprocessing = 0;
		};
/* End PBXFrameworksBuildPhase section */

/* Begin PBXGroup section */
		C8F30C0215A210C6000AB421 = {
			isa = PBXGroup;
			children = (
				C8F30C1915A210C7000AB421 /* LMovie */,
				C8F30C1015A210C7000AB421 /* Frameworks */,
				C8F30C0E15A210C7000AB421 /* Products */,
				C8F30C6915A22260000AB421 /* old */,
			);
			sourceTree = "<group>";
		};
		C8F30C0E15A210C7000AB421 /* Products */ = {
			isa = PBXGroup;
			children = (
				C8F30C0D15A210C7000AB421 /* LMovie.app */,
			);
			name = Products;
			sourceTree = "<group>";
		};
		C8F30C1015A210C7000AB421 /* Frameworks */ = {
			isa = PBXGroup;
			children = (
				C8F30C1115A210C7000AB421 /* UIKit.framework */,
				C8F30C1315A210C7000AB421 /* Foundation.framework */,
				C8F30C1515A210C7000AB421 /* CoreGraphics.framework */,
				C8F30C1715A210C7000AB421 /* CoreData.framework */,
			);
			name = Frameworks;
			sourceTree = "<group>";
		};
		C8F30C1915A210C7000AB421 /* LMovie */ = {
			isa = PBXGroup;
			children = (
				C8F30C6515A22056000AB421 /* MovieListDVC.h */,
				C8F30C6615A22056000AB421 /* MovieListDVC.m */,
				C8F30C4015A213A1000AB421 /* MovieInfoMVC.h */,
				C8F30C4115A213A1000AB421 /* MovieInfoMVC.m */,
				C8F30C2515A210C7000AB421 /* MainStoryboard.storyboard */,
				C8F30C5515A21C42000AB421 /* Cell */,
				C8F30C2B15A210C7000AB421 /* MasterViewController.h */,
				C8F30C2C15A210C7000AB421 /* MasterViewController.m */,
				C8F30C2815A210C7000AB421 /* LMovie.xcdatamodeld */,
				C8F30C1A15A210C7000AB421 /* Supporting Files */,
			);
			path = LMovie;
			sourceTree = "<group>";
		};
		C8F30C1A15A210C7000AB421 /* Supporting Files */ = {
			isa = PBXGroup;
			children = (
				C8F30C2215A210C7000AB421 /* AppDelegate.h */,
				C8F30C2315A210C7000AB421 /* AppDelegate.m */,
				C8F30C1B15A210C7000AB421 /* LMovie-Info.plist */,
				C8F30C1C15A210C7000AB421 /* InfoPlist.strings */,
				C8F30C1F15A210C7000AB421 /* main.m */,
				C8F30C2115A210C7000AB421 /* LMovie-Prefix.pch */,
			);
			name = "Supporting Files";
			sourceTree = "<group>";
		};
		C8F30C5515A21C42000AB421 /* Cell */ = {
			isa = PBXGroup;
			children = (
				C8F30C5015A21733000AB421 /* MovieCellHorizontal.xib */,
				C8F30C5215A21C3C000AB421 /* MovieCellHorizontal.h */,
				C8F30C5315A21C3C000AB421 /* MovieCellHorizontal.m */,
			);
			name = Cell;
			sourceTree = "<group>";
		};
		C8F30C6915A22260000AB421 /* old */ = {
			isa = PBXGroup;
			children = (
				C8F30C2E15A210C7000AB421 /* DetailViewController.h */,
				C8F30C2F15A210C7000AB421 /* DetailViewController.m */,
			);
			name = old;
			path = LMovie;
			sourceTree = "<group>";
		};
/* End PBXGroup section */

/* Begin PBXNativeTarget section */
		C8F30C0C15A210C7000AB421 /* LMovie */ = {
			isa = PBXNativeTarget;
			buildConfigurationList = C8F30C3315A210C7000AB421 /* Build configuration list for PBXNativeTarget "LMovie" */;
			buildPhases = (
				C8F30C0915A210C7000AB421 /* Sources */,
				C8F30C0A15A210C7000AB421 /* Frameworks */,
				C8F30C0B15A210C7000AB421 /* Resources */,
			);
			buildRules = (
			);
			dependencies = (
			);
			name = LMovie;
			productName = LMovie;
			productReference = C8F30C0D15A210C7000AB421 /* LMovie.app */;
			productType = "com.apple.product-type.application";
		};
/* End PBXNativeTarget section */

/* Begin PBXProject section */
		C8F30C0415A210C6000AB421 /* Project object */ = {
			isa = PBXProject;
			attributes = {
				LastUpgradeCheck = 0430;
			};
			buildConfigurationList = C8F30C0715A210C6000AB421 /* Build configuration list for PBXProject "LMovie" */;
			compatibilityVersion = "Xcode 3.2";
			developmentRegion = English;
			hasScannedForEncodings = 0;
			knownRegions = (
				en,
			);
			mainGroup = C8F30C0215A210C6000AB421;
			productRefGroup = C8F30C0E15A210C7000AB421 /* Products */;
			projectDirPath = "";
			projectRoot = "";
			targets = (
				C8F30C0C15A210C7000AB421 /* LMovie */,
			);
		};
/* End PBXProject section */

/* Begin PBXResourcesBuildPhase section */
		C8F30C0B15A210C7000AB421 /* Resources */ = {
			isa = PBXResourcesBuildPhase;
			buildActionMask = 2147483647;
			files = (
				C8F30C1E15A210C7000AB421 /* InfoPlist.strings in Resources */,
				C8F30C2715A210C7000AB421 /* MainStoryboard.storyboard in Resources */,
				C8F30C5115A21733000AB421 /* MovieCellHorizontal.xib in Resources */,
			);
			runOnlyForDeploymentPostprocessing = 0;
		};
/* End PBXResourcesBuildPhase section */

/* Begin PBXSourcesBuildPhase section */
		C8F30C0915A210C7000AB421 /* Sources */ = {
			isa = PBXSourcesBuildPhase;
			buildActionMask = 2147483647;
			files = (
				C8F30C2015A210C7000AB421 /* main.m in Sources */,
				C8F30C2415A210C7000AB421 /* AppDelegate.m in Sources */,
				C8F30C2A15A210C7000AB421 /* LMovie.xcdatamodeld in Sources */,
				C8F30C2D15A210C7000AB421 /* MasterViewController.m in Sources */,
				C8F30C3015A210C7000AB421 /* DetailViewController.m in Sources */,
				C8F30C4215A213A1000AB421 /* MovieInfoMVC.m in Sources */,
				C8F30C5415A21C3C000AB421 /* MovieCellHorizontal.m in Sources */,
				C8F30C6715A22056000AB421 /* MovieListDVC.m in Sources */,
			);
			runOnlyForDeploymentPostprocessing = 0;
		};
/* End PBXSourcesBuildPhase section */

/* Begin PBXVariantGroup section */
		C8F30C1C15A210C7000AB421 /* InfoPlist.strings */ = {
			isa = PBXVariantGroup;
			children = (
				C8F30C1D15A210C7000AB421 /* en */,
			);
			name = InfoPlist.strings;
			sourceTree = "<group>";
		};
		C8F30C2515A210C7000AB421 /* MainStoryboard.storyboard */ = {
			isa = PBXVariantGroup;
			children = (
				C8F30C2615A210C7000AB421 /* en */,
			);
			name = MainStoryboard.storyboard;
			sourceTree = "<group>";
		};
/* End PBXVariantGroup section */

/* Begin XCBuildConfiguration section */
		C8F30C3115A210C7000AB421 /* Debug */ = {
			isa = XCBuildConfiguration;
			buildSettings = {
				ALWAYS_SEARCH_USER_PATHS = NO;
				ARCHS = "$(ARCHS_STANDARD_32_BIT)";
				CLANG_ENABLE_OBJC_ARC = YES;
				"CODE_SIGN_IDENTITY[sdk=iphoneos*]" = "iPhone Developer";
				COPY_PHASE_STRIP = NO;
				GCC_C_LANGUAGE_STANDARD = gnu99;
				GCC_DYNAMIC_NO_PIC = NO;
				GCC_OPTIMIZATION_LEVEL = 0;
				GCC_PREPROCESSOR_DEFINITIONS = (
					"DEBUG=1",
					"$(inherited)",
				);
				GCC_SYMBOLS_PRIVATE_EXTERN = NO;
				GCC_VERSION = com.apple.compilers.llvm.clang.1_0;
				GCC_WARN_ABOUT_RETURN_TYPE = YES;
				GCC_WARN_UNINITIALIZED_AUTOS = YES;
				GCC_WARN_UNUSED_VARIABLE = YES;
				IPHONEOS_DEPLOYMENT_TARGET = 5.1;
				SDKROOT = iphoneos;
				TARGETED_DEVICE_FAMILY = 2;
			};
			name = Debug;
		};
		C8F30C3215A210C7000AB421 /* Release */ = {
			isa = XCBuildConfiguration;
			buildSettings = {
				ALWAYS_SEARCH_USER_PATHS = NO;
				ARCHS = "$(ARCHS_STANDARD_32_BIT)";
				CLANG_ENABLE_OBJC_ARC = YES;
				"CODE_SIGN_IDENTITY[sdk=iphoneos*]" = "iPhone Developer";
				COPY_PHASE_STRIP = YES;
				GCC_C_LANGUAGE_STANDARD = gnu99;
				GCC_VERSION = com.apple.compilers.llvm.clang.1_0;
				GCC_WARN_ABOUT_RETURN_TYPE = YES;
				GCC_WARN_UNINITIALIZED_AUTOS = YES;
				GCC_WARN_UNUSED_VARIABLE = YES;
				IPHONEOS_DEPLOYMENT_TARGET = 5.1;
				OTHER_CFLAGS = "-DNS_BLOCK_ASSERTIONS=1";
				SDKROOT = iphoneos;
				TARGETED_DEVICE_FAMILY = 2;
				VALIDATE_PRODUCT = YES;
			};
			name = Release;
		};
		C8F30C3415A210C7000AB421 /* Debug */ = {
			isa = XCBuildConfiguration;
			buildSettings = {
				GCC_PRECOMPILE_PREFIX_HEADER = YES;
				GCC_PREFIX_HEADER = "LMovie/LMovie-Prefix.pch";
				INFOPLIST_FILE = "LMovie/LMovie-Info.plist";
				PRODUCT_NAME = "$(TARGET_NAME)";
				WRAPPER_EXTENSION = app;
			};
			name = Debug;
		};
		C8F30C3515A210C7000AB421 /* Release */ = {
			isa = XCBuildConfiguration;
			buildSettings = {
				GCC_PRECOMPILE_PREFIX_HEADER = YES;
				GCC_PREFIX_HEADER = "LMovie/LMovie-Prefix.pch";
				INFOPLIST_FILE = "LMovie/LMovie-Info.plist";
				PRODUCT_NAME = "$(TARGET_NAME)";
				WRAPPER_EXTENSION = app;
			};
			name = Release;
		};
/* End XCBuildConfiguration section */

/* Begin XCConfigurationList section */
		C8F30C0715A210C6000AB421 /* Build configuration list for PBXProject "LMovie" */ = {
			isa = XCConfigurationList;
			buildConfigurations = (
				C8F30C3115A210C7000AB421 /* Debug */,
				C8F30C3215A210C7000AB421 /* Release */,
			);
			defaultConfigurationIsVisible = 0;
			defaultConfigurationName = Release;
		};
		C8F30C3315A210C7000AB421 /* Build configuration list for PBXNativeTarget "LMovie" */ = {
			isa = XCConfigurationList;
			buildConfigurations = (
				C8F30C3415A210C7000AB421 /* Debug */,
				C8F30C3515A210C7000AB421 /* Release */,
			);
			defaultConfigurationIsVisible = 0;
			defaultConfigurationName = Release;
		};
/* End XCConfigurationList section */

/* Begin XCVersionGroup section */
		C8F30C2815A210C7000AB421 /* LMovie.xcdatamodeld */ = {
			isa = XCVersionGroup;
			children = (
				C8F30C2915A210C7000AB421 /* LMovie.xcdatamodel */,
			);
			currentVersion = C8F30C2915A210C7000AB421 /* LMovie.xcdatamodel */;
			path = LMovie.xcdatamodeld;
			sourceTree = "<group>";
			versionGroupType = wrapper.xcdatamodel;
		};
/* End XCVersionGroup section */
	};
	rootObject = C8F30C0415A210C6000AB421 /* Project object */;
}
